// !$*UTF8*$!
{
	archiveVersion = 1;
	classes = {
	};
	objectVersion = 70;
	objects = {

/* Begin PBXBuildFile section */
		3908EB9929674DF60054A3ED /* Model.xcdatamodeld in Sources */ = {isa = PBXBuildFile; fileRef = 3908EB9729674DF60054A3ED /* Model.xcdatamodeld */; };
		391087832DFFCC1A0057F493 /* Logging in Frameworks */ = {isa = PBXBuildFile; productRef = 391087822DFFCC1A0057F493 /* Logging */; };
		3910878A2DFFCC200057F493 /* Logging in Frameworks */ = {isa = PBXBuildFile; productRef = 391087892DFFCC200057F493 /* Logging */; };
		3914876D2960AFD10042927A /* Sparkle in Frameworks */ = {isa = PBXBuildFile; platformFilters = (macos, ); productRef = 3914876C2960AFD10042927A /* Sparkle */; };
		394A7FAF2C515CB700D4918B /* RootView.swift in Sources */ = {isa = PBXBuildFile; fileRef = 394A7FAE2C515CB700D4918B /* RootView.swift */; };
		3963A0462C6C7EAA00472AE7 /* RootView.swift in Sources */ = {isa = PBXBuildFile; fileRef = 394A7FAE2C515CB700D4918B /* RootView.swift */; };
		3963A0472C6C7EAA00472AE7 /* Model.xcdatamodeld in Sources */ = {isa = PBXBuildFile; fileRef = 3908EB9729674DF60054A3ED /* Model.xcdatamodeld */; };
		3963A0562C6C7EAA00472AE7 /* ContentView.swift in Sources */ = {isa = PBXBuildFile; fileRef = 397E4658295838CF003B824B /* ContentView.swift */; };
		3963A0652C6C7EAA00472AE7 /* ExcalidrawZApp.swift in Sources */ = {isa = PBXBuildFile; fileRef = 397E4656295838CF003B824B /* ExcalidrawZApp.swift */; };
		3963A06C2C6C7EAA00472AE7 /* AppDelegate.swift in Sources */ = {isa = PBXBuildFile; fileRef = 397F98DD295EE18E009BED55 /* AppDelegate.swift */; };
		3963A0742C6C7EAA00472AE7 /* FlyingFox in Frameworks */ = {isa = PBXBuildFile; productRef = 3963A03E2C6C7EAA00472AE7 /* FlyingFox */; };
		3963A0782C6C7EAA00472AE7 /* excalidraw-latest in Resources */ = {isa = PBXBuildFile; fileRef = 3966612F2C665D3E00F863BC /* excalidraw-latest */; };
		3963A0792C6C7EAA00472AE7 /* FakeDrop.js in Resources */ = {isa = PBXBuildFile; fileRef = 397E468629599DD3003B824B /* FakeDrop.js */; };
		3963A07A2C6C7EAA00472AE7 /* template.excalidraw in Resources */ = {isa = PBXBuildFile; fileRef = 397E468E295AAE5D003B824B /* template.excalidraw */; };
		3963A07C2C6C7EAA00472AE7 /* Assets.xcassets in Resources */ = {isa = PBXBuildFile; fileRef = 397E465A295838D0003B824B /* Assets.xcassets */; };
		3963A07D2C6C7EAA00472AE7 /* FakeToggleColorMode.js in Resources */ = {isa = PBXBuildFile; fileRef = 39A7BB812A101B21003887F9 /* FakeToggleColorMode.js */; };
		3963A07E2C6C7EAA00472AE7 /* FakeSaveCommand.js in Resources */ = {isa = PBXBuildFile; fileRef = 39AD1EE8295AE08800DA9657 /* FakeSaveCommand.js */; };
		3965F2102D6F60170065A8C8 /* FSEventsWrapper in Frameworks */ = {isa = PBXBuildFile; platformFilters = (macos, ); productRef = 3965F20F2D6F60170065A8C8 /* FSEventsWrapper */; };
		3965F2122D6F60330065A8C8 /* FSEventsWrapper in Frameworks */ = {isa = PBXBuildFile; platformFilters = (macos, ); productRef = 3965F2112D6F60330065A8C8 /* FSEventsWrapper */; };
		3965F3772D76B4EC0065A8C8 /* MathJaxSwift in Frameworks */ = {isa = PBXBuildFile; productRef = 3965F3762D76B4EC0065A8C8 /* MathJaxSwift */; };
		3965F3792D76B5090065A8C8 /* MathJaxSwift in Frameworks */ = {isa = PBXBuildFile; productRef = 3965F3782D76B5090065A8C8 /* MathJaxSwift */; };
		396661302C665D4300F863BC /* excalidraw-latest in Resources */ = {isa = PBXBuildFile; fileRef = 3966612F2C665D3E00F863BC /* excalidraw-latest */; };
		3966623F2C666EC600F863BC /* FlyingFox in Frameworks */ = {isa = PBXBuildFile; productRef = 3966623E2C666EC600F863BC /* FlyingFox */; };
		3976C4D62C8789F60037D3AF /* overwrite_console.js in Resources */ = {isa = PBXBuildFile; fileRef = 3976C4D52C8789F60037D3AF /* overwrite_console.js */; };
		3976C4D72C8789F60037D3AF /* overwrite_console.js in Resources */ = {isa = PBXBuildFile; fileRef = 3976C4D52C8789F60037D3AF /* overwrite_console.js */; };
		397E4657295838CF003B824B /* ExcalidrawZApp.swift in Sources */ = {isa = PBXBuildFile; fileRef = 397E4656295838CF003B824B /* ExcalidrawZApp.swift */; };
		397E4659295838CF003B824B /* ContentView.swift in Sources */ = {isa = PBXBuildFile; fileRef = 397E4658295838CF003B824B /* ContentView.swift */; };
		397E465B295838D0003B824B /* Assets.xcassets in Resources */ = {isa = PBXBuildFile; fileRef = 397E465A295838D0003B824B /* Assets.xcassets */; };
		397E468729599DD4003B824B /* FakeDrop.js in Resources */ = {isa = PBXBuildFile; fileRef = 397E468629599DD3003B824B /* FakeDrop.js */; };
		397E468F295AAE5E003B824B /* template.excalidraw in Resources */ = {isa = PBXBuildFile; fileRef = 397E468E295AAE5D003B824B /* template.excalidraw */; };
		397F98DE295EE18E009BED55 /* AppDelegate.swift in Sources */ = {isa = PBXBuildFile; fileRef = 397F98DD295EE18E009BED55 /* AppDelegate.swift */; };
		3987A5152CB54B200054D7D5 /* QuickLookPreviewExtension.appex in Embed Foundation Extensions */ = {isa = PBXBuildFile; fileRef = 3987A5072CB54B200054D7D5 /* QuickLookPreviewExtension.appex */; platformFilters = (macos, ); settings = {ATTRIBUTES = (RemoveHeadersOnCopy, ); }; };
		3987A51C2CB54B840054D7D5 /* QuickLookPreviewExtension.appex in Embed Foundation Extensions */ = {isa = PBXBuildFile; fileRef = 3987A5072CB54B200054D7D5 /* QuickLookPreviewExtension.appex */; platformFilters = (macos, ); settings = {ATTRIBUTES = (RemoveHeadersOnCopy, ); }; };
		3987A5D02CB63FB00054D7D5 /* overwrite_console.js in Resources */ = {isa = PBXBuildFile; fileRef = 3976C4D52C8789F60037D3AF /* overwrite_console.js */; };
		3987A5D52CB640590054D7D5 /* FlyingFox in Frameworks */ = {isa = PBXBuildFile; productRef = 3987A5D42CB640590054D7D5 /* FlyingFox */; };
		3987A5D72CB640650054D7D5 /* FlyingSocks in Frameworks */ = {isa = PBXBuildFile; productRef = 3987A5D62CB640650054D7D5 /* FlyingSocks */; };
		398F144D2CF7379C0061CCF9 /* ChocofordUI in Frameworks */ = {isa = PBXBuildFile; productRef = 398F144C2CF7379C0061CCF9 /* ChocofordUI */; };
		398F14532CF738DB0061CCF9 /* SwiftyAlert in Frameworks */ = {isa = PBXBuildFile; productRef = 398F14522CF738DB0061CCF9 /* SwiftyAlert */; };
		398F14552CF738ED0061CCF9 /* SwiftyAlert in Frameworks */ = {isa = PBXBuildFile; productRef = 398F14542CF738ED0061CCF9 /* SwiftyAlert */; };
		398F14592CF738F70061CCF9 /* SwiftyAlert in Frameworks */ = {isa = PBXBuildFile; productRef = 398F14582CF738F70061CCF9 /* SwiftyAlert */; };
		398F14612CF739B50061CCF9 /* ChocofordUI in Frameworks */ = {isa = PBXBuildFile; productRef = 398F14602CF739B50061CCF9 /* ChocofordUI */; };
		398F14632CF739B90061CCF9 /* ChocofordEssentials in Frameworks */ = {isa = PBXBuildFile; productRef = 398F14622CF739B90061CCF9 /* ChocofordEssentials */; };
		3990F82D2CA9C55100C94983 /* Store.storekit in Resources */ = {isa = PBXBuildFile; fileRef = 3990F82B2CA9C55100C94983 /* Store.storekit */; };
		3990F82E2CA9C55100C94983 /* Store.storekit in Resources */ = {isa = PBXBuildFile; fileRef = 3990F82B2CA9C55100C94983 /* Store.storekit */; };
		3990F8362CACF4C500C94983 /* StoreKit.framework in Frameworks */ = {isa = PBXBuildFile; fileRef = 3990F8352CACF4C500C94983 /* StoreKit.framework */; };
		39A28C9A2D92AB1D00B079B1 /* Localizable.xcstrings in Resources */ = {isa = PBXBuildFile; fileRef = 39ED18532D3FDE1C00E437A0 /* Localizable.xcstrings */; };
		39A7BB822A101B21003887F9 /* FakeToggleColorMode.js in Resources */ = {isa = PBXBuildFile; fileRef = 39A7BB812A101B21003887F9 /* FakeToggleColorMode.js */; };
		39AD1EE9295AE08800DA9657 /* FakeSaveCommand.js in Resources */ = {isa = PBXBuildFile; fileRef = 39AD1EE8295AE08800DA9657 /* FakeSaveCommand.js */; };
		39AF4DE12D0611E0009126C4 /* CHANGELOG.md in Resources */ = {isa = PBXBuildFile; fileRef = 39AF4DE02D0611E0009126C4 /* CHANGELOG.md */; };
		39AF4DE32D0611E0009126C4 /* CHANGELOG.md in Resources */ = {isa = PBXBuildFile; fileRef = 39AF4DE02D0611E0009126C4 /* CHANGELOG.md */; };
		39B142EA2CE9D2A100D3EEDA /* Zlib in Frameworks */ = {isa = PBXBuildFile; productRef = 39B142E92CE9D2A100D3EEDA /* Zlib */; };
		39B2F0732D9D6AAC00B6CB47 /* Secrets.plist in Resources */ = {isa = PBXBuildFile; fileRef = 39B69A2D2D8422F0003369E8 /* Secrets.plist */; };
		39B69A2E2D8422F0003369E8 /* Secrets.plist in Resources */ = {isa = PBXBuildFile; fileRef = 39B69A2D2D8422F0003369E8 /* Secrets.plist */; };
		39B69BDD2D8C18A0003369E8 /* SyncedStore.storekit in Resources */ = {isa = PBXBuildFile; fileRef = 39B69BDC2D8C18A0003369E8 /* SyncedStore.storekit */; };
		39B69BDE2D8C18A0003369E8 /* SyncedStore.storekit in Resources */ = {isa = PBXBuildFile; fileRef = 39B69BDC2D8C18A0003369E8 /* SyncedStore.storekit */; };
		39BE12EE2CB7DD8C006781D5 /* Zlib in Frameworks */ = {isa = PBXBuildFile; productRef = 39BE12ED2CB7DD8C006781D5 /* Zlib */; };
		39BE12F12CB7DD97006781D5 /* Zlib in Frameworks */ = {isa = PBXBuildFile; productRef = 39BE12F02CB7DD97006781D5 /* Zlib */; };
		39DC11BB2C9195F60037C4AE /* ChocofordEssentials in Frameworks */ = {isa = PBXBuildFile; productRef = 3963A03B2C6C7EAA00472AE7 /* ChocofordEssentials */; };
		39DC11BC2C9195F60037C4AE /* ChocofordUI in Frameworks */ = {isa = PBXBuildFile; productRef = 3963A03D2C6C7EAA00472AE7 /* ChocofordUI */; };
		39E4A9BF2D410437002BF98C /* ChocofordEssentials in Frameworks */ = {isa = PBXBuildFile; productRef = 3963A0392C6C7EAA00472AE7 /* ChocofordEssentials */; };
		39E4A9C02D410437002BF98C /* ChocofordUI in Frameworks */ = {isa = PBXBuildFile; productRef = 3963A03A2C6C7EAA00472AE7 /* ChocofordUI */; };
		39E4A9C12D410437002BF98C /* ChocofordEssentials in Frameworks */ = {isa = PBXBuildFile; productRef = 3930B2F72C512E7B00F14E88 /* ChocofordEssentials */; };
		39E4A9C22D410437002BF98C /* ChocofordUI in Frameworks */ = {isa = PBXBuildFile; productRef = 3930B2F92C512E7B00F14E88 /* ChocofordUI */; };
		39E4A9C32D410437002BF98C /* ChocofordEssentials in Frameworks */ = {isa = PBXBuildFile; productRef = 39E9C5A42C8CB2E600BC1C07 /* ChocofordEssentials */; };
		39E4A9C42D410437002BF98C /* ChocofordUI in Frameworks */ = {isa = PBXBuildFile; productRef = 39E9C5A62C8CB2E600BC1C07 /* ChocofordUI */; };
		39E4A9C52D410437002BF98C /* ChocofordEssentials in Frameworks */ = {isa = PBXBuildFile; productRef = 3929AB782CA5E4B800C7CCE8 /* ChocofordEssentials */; };
		39E4A9C62D410437002BF98C /* ChocofordUI in Frameworks */ = {isa = PBXBuildFile; productRef = 3929AB7A2CA5E4B800C7CCE8 /* ChocofordUI */; };
		39E4A9C72D410437002BF98C /* ChocofordUI in Frameworks */ = {isa = PBXBuildFile; productRef = 39E556F32CC8060E0009F051 /* ChocofordUI */; };
		39E4A9C82D410437002BF98C /* ChocofordEssentials in Frameworks */ = {isa = PBXBuildFile; productRef = 398F144A2CF7379C0061CCF9 /* ChocofordEssentials */; };
		39E556F22CC8060E0009F051 /* ChocofordEssentials in Frameworks */ = {isa = PBXBuildFile; productRef = 39E556F12CC8060E0009F051 /* ChocofordEssentials */; };
		39ED18542D3FDE1C00E437A0 /* Localizable.xcstrings in Resources */ = {isa = PBXBuildFile; fileRef = 39ED18532D3FDE1C00E437A0 /* Localizable.xcstrings */; };
		39ED18552D3FDE1C00E437A0 /* Localizable.xcstrings in Resources */ = {isa = PBXBuildFile; fileRef = 39ED18532D3FDE1C00E437A0 /* Localizable.xcstrings */; };
		39ED18632D40FCBD00E437A0 /* AVKit.framework in Frameworks */ = {isa = PBXBuildFile; fileRef = 39ED18622D40FCBD00E437A0 /* AVKit.framework */; };
		39ED18642D40FCC400E437A0 /* AVKit.framework in Frameworks */ = {isa = PBXBuildFile; fileRef = 39ED18622D40FCBD00E437A0 /* AVKit.framework */; };
/* End PBXBuildFile section */

/* Begin PBXContainerItemProxy section */
		397E4665295838D0003B824B /* PBXContainerItemProxy */ = {
			isa = PBXContainerItemProxy;
			containerPortal = 397E464B295838CF003B824B /* Project object */;
			proxyType = 1;
			remoteGlobalIDString = 397E4652295838CF003B824B;
			remoteInfo = ExcaliDrawZ;
		};
		397E466F295838D0003B824B /* PBXContainerItemProxy */ = {
			isa = PBXContainerItemProxy;
			containerPortal = 397E464B295838CF003B824B /* Project object */;
			proxyType = 1;
			remoteGlobalIDString = 397E4652295838CF003B824B;
			remoteInfo = ExcaliDrawZ;
		};
		3987A5132CB54B200054D7D5 /* PBXContainerItemProxy */ = {
			isa = PBXContainerItemProxy;
			containerPortal = 397E464B295838CF003B824B /* Project object */;
			proxyType = 1;
			remoteGlobalIDString = 3987A5062CB54B200054D7D5;
			remoteInfo = QuickLookPreviewExtension;
		};
		3987A51D2CB54B840054D7D5 /* PBXContainerItemProxy */ = {
			isa = PBXContainerItemProxy;
			containerPortal = 397E464B295838CF003B824B /* Project object */;
			proxyType = 1;
			remoteGlobalIDString = 3987A5062CB54B200054D7D5;
			remoteInfo = QuickLookPreviewExtension;
		};
/* End PBXContainerItemProxy section */

/* Begin PBXCopyFilesBuildPhase section */
		3915C96E2CB52CBD00B860E7 /* Embed Foundation Extensions */ = {
			isa = PBXCopyFilesBuildPhase;
			buildActionMask = 2147483647;
			dstPath = "";
			dstSubfolderSpec = 13;
			files = (
				3987A5152CB54B200054D7D5 /* QuickLookPreviewExtension.appex in Embed Foundation Extensions */,
			);
			name = "Embed Foundation Extensions";
			runOnlyForDeploymentPostprocessing = 0;
		};
		3915C9742CB52D5C00B860E7 /* Embed Foundation Extensions */ = {
			isa = PBXCopyFilesBuildPhase;
			buildActionMask = 2147483647;
			dstPath = "";
			dstSubfolderSpec = 13;
			files = (
				3987A51C2CB54B840054D7D5 /* QuickLookPreviewExtension.appex in Embed Foundation Extensions */,
			);
			name = "Embed Foundation Extensions";
			runOnlyForDeploymentPostprocessing = 0;
		};
/* End PBXCopyFilesBuildPhase section */

/* Begin PBXFileReference section */
		3908EB9829674DF60054A3ED /* Model.xcdatamodel */ = {isa = PBXFileReference; lastKnownFileType = wrapper.xcdatamodel; path = Model.xcdatamodel; sourceTree = "<group>"; };
		39148772296316720042927A /* Info.plist */ = {isa = PBXFileReference; lastKnownFileType = text.plist.xml; path = Info.plist; sourceTree = "<group>"; };
		3915C9AB2CB54A6800B860E7 /* QuickLookUI.framework */ = {isa = PBXFileReference; lastKnownFileType = wrapper.framework; name = QuickLookUI.framework; path = System/Library/Frameworks/QuickLookUI.framework; sourceTree = SDKROOT; };
		391673912CF85EEC0001AE18 /* PRIVATE_TIPS.md */ = {isa = PBXFileReference; lastKnownFileType = net.daringfireball.markdown; path = PRIVATE_TIPS.md; sourceTree = "<group>"; };
		394A7FAE2C515CB700D4918B /* RootView.swift */ = {isa = PBXFileReference; lastKnownFileType = sourcecode.swift; path = RootView.swift; sourceTree = "<group>"; };
		3963A0822C6C7EAA00472AE7 /* ExcalidrawZ.app */ = {isa = PBXFileReference; explicitFileType = wrapper.application; includeInIndex = 0; path = ExcalidrawZ.app; sourceTree = BUILT_PRODUCTS_DIR; };
		3963A0832C6C7EAA00472AE7 /* AppStore-Info.plist */ = {isa = PBXFileReference; lastKnownFileType = text.plist.xml; name = "AppStore-Info.plist"; path = "/Users/chocoford/Developer/ExcaliDrawZ/ExcalidrawZ/AppStore-Info.plist"; sourceTree = "<absolute>"; };
		3963A14D2C6D1D4900472AE7 /* Lagacy-Info.plist */ = {isa = PBXFileReference; lastKnownFileType = text.plist.xml; name = "Lagacy-Info.plist"; path = "/Users/chocoford/Developer/ExcaliDrawZ/ExcalidrawZ/Lagacy-Info.plist"; sourceTree = "<absolute>"; };
		3966612F2C665D3E00F863BC /* excalidraw-latest */ = {isa = PBXFileReference; lastKnownFileType = folder; path = "excalidraw-latest"; sourceTree = "<group>"; };
		3976C4D52C8789F60037D3AF /* overwrite_console.js */ = {isa = PBXFileReference; lastKnownFileType = sourcecode.javascript; path = overwrite_console.js; sourceTree = "<group>"; };
		397E4653295838CF003B824B /* ExcalidrawZ.app */ = {isa = PBXFileReference; explicitFileType = wrapper.application; includeInIndex = 0; path = ExcalidrawZ.app; sourceTree = BUILT_PRODUCTS_DIR; };
		397E4656295838CF003B824B /* ExcalidrawZApp.swift */ = {isa = PBXFileReference; lastKnownFileType = sourcecode.swift; path = ExcalidrawZApp.swift; sourceTree = "<group>"; };
		397E4658295838CF003B824B /* ContentView.swift */ = {isa = PBXFileReference; lastKnownFileType = sourcecode.swift; path = ContentView.swift; sourceTree = "<group>"; };
		397E465A295838D0003B824B /* Assets.xcassets */ = {isa = PBXFileReference; lastKnownFileType = folder.assetcatalog; path = Assets.xcassets; sourceTree = "<group>"; };
		397E465C295838D0003B824B /* ExcalidrawZ.entitlements */ = {isa = PBXFileReference; lastKnownFileType = text.plist.entitlements; path = ExcalidrawZ.entitlements; sourceTree = "<group>"; };
		397E4664295838D0003B824B /* ExcalidrawZTests.xctest */ = {isa = PBXFileReference; explicitFileType = wrapper.cfbundle; includeInIndex = 0; path = ExcalidrawZTests.xctest; sourceTree = BUILT_PRODUCTS_DIR; };
		397E466E295838D0003B824B /* ExcalidrawZUITests.xctest */ = {isa = PBXFileReference; explicitFileType = wrapper.cfbundle; includeInIndex = 0; path = ExcalidrawZUITests.xctest; sourceTree = BUILT_PRODUCTS_DIR; };
		397E468629599DD3003B824B /* FakeDrop.js */ = {isa = PBXFileReference; lastKnownFileType = sourcecode.javascript; path = FakeDrop.js; sourceTree = "<group>"; };
		397E468E295AAE5D003B824B /* template.excalidraw */ = {isa = PBXFileReference; fileEncoding = 4; lastKnownFileType = text; path = template.excalidraw; sourceTree = "<group>"; };
		397F98DD295EE18E009BED55 /* AppDelegate.swift */ = {isa = PBXFileReference; lastKnownFileType = sourcecode.swift; path = AppDelegate.swift; sourceTree = "<group>"; };
		3987A5072CB54B200054D7D5 /* QuickLookPreviewExtension.appex */ = {isa = PBXFileReference; explicitFileType = "wrapper.app-extension"; includeInIndex = 0; path = QuickLookPreviewExtension.appex; sourceTree = BUILT_PRODUCTS_DIR; };
		3990F82B2CA9C55100C94983 /* Store.storekit */ = {isa = PBXFileReference; lastKnownFileType = text; path = Store.storekit; sourceTree = "<group>"; };
		3990F8352CACF4C500C94983 /* StoreKit.framework */ = {isa = PBXFileReference; lastKnownFileType = wrapper.framework; name = StoreKit.framework; path = System/Library/Frameworks/StoreKit.framework; sourceTree = SDKROOT; };
		39A7BB812A101B21003887F9 /* FakeToggleColorMode.js */ = {isa = PBXFileReference; lastKnownFileType = sourcecode.javascript; path = FakeToggleColorMode.js; sourceTree = "<group>"; };
		39AD1EE8295AE08800DA9657 /* FakeSaveCommand.js */ = {isa = PBXFileReference; fileEncoding = 4; lastKnownFileType = sourcecode.javascript; path = FakeSaveCommand.js; sourceTree = "<group>"; };
		39AF4DE02D0611E0009126C4 /* CHANGELOG.md */ = {isa = PBXFileReference; lastKnownFileType = net.daringfireball.markdown; path = CHANGELOG.md; sourceTree = SOURCE_ROOT; };
		39B69A2D2D8422F0003369E8 /* Secrets.plist */ = {isa = PBXFileReference; lastKnownFileType = text.plist.xml; path = Secrets.plist; sourceTree = "<group>"; };
		39B69A322D8423C3003369E8 /* Overrides.xcconfig */ = {isa = PBXFileReference; lastKnownFileType = text.xcconfig; path = Overrides.xcconfig; sourceTree = "<group>"; };
		39B69BDC2D8C18A0003369E8 /* SyncedStore.storekit */ = {isa = PBXFileReference; lastKnownFileType = text; path = SyncedStore.storekit; sourceTree = "<group>"; };
		39ED18532D3FDE1C00E437A0 /* Localizable.xcstrings */ = {isa = PBXFileReference; lastKnownFileType = text.json.xcstrings; path = Localizable.xcstrings; sourceTree = "<group>"; };
		39ED18622D40FCBD00E437A0 /* AVKit.framework */ = {isa = PBXFileReference; lastKnownFileType = wrapper.framework; name = AVKit.framework; path = Platforms/iPhoneOS.platform/Developer/SDKs/iPhoneOS18.2.sdk/System/Library/Frameworks/AVKit.framework; sourceTree = DEVELOPER_DIR; };
		500E089B2CF1BFB600392CC2 /* Project.xcconfig */ = {isa = PBXFileReference; lastKnownFileType = text.xcconfig; path = Project.xcconfig; sourceTree = "<group>"; };
/* End PBXFileReference section */

/* Begin PBXFileSystemSynchronizedBuildFileExceptionSet section */
		3963A0352C6BD6B900472AE7 /* PBXFileSystemSynchronizedBuildFileExceptionSet */ = {
			isa = PBXFileSystemSynchronizedBuildFileExceptionSet;
			membershipExceptions = (
				CheckForUpdatesView.swift,
				UpdateChecker.swift,
			);
			target = 397E4652295838CF003B824B /* ExcalidrawZ */;
		};
		396603652D096D2900870AC9 /* PBXFileSystemSynchronizedBuildFileExceptionSet */ = {
			isa = PBXFileSystemSynchronizedBuildFileExceptionSet;
			membershipExceptions = (
				Migration/MigrateToNewVersion.swift,
			);
			target = 3963A0362C6C7EAA00472AE7 /* ExcalidrawZ (AppStore) */;
		};
		396603662D096D2900870AC9 /* PBXFileSystemSynchronizedBuildFileExceptionSet */ = {
			isa = PBXFileSystemSynchronizedBuildFileExceptionSet;
			membershipExceptions = (
				Migration/MigrateToNewVersion.swift,
			);
			target = 397E4652295838CF003B824B /* ExcalidrawZ */;
		};
		396603882D096D3400870AC9 /* PBXFileSystemSynchronizedBuildFileExceptionSet */ = {
			isa = PBXFileSystemSynchronizedBuildFileExceptionSet;
			membershipExceptions = (
				"Excalidraw+Image/ExcalidrawImageDecoder.swift",
				"Excalidraw+Image/ExcalidrawPNGDecoder.swift",
				"Excalidraw+Image/ExcalidrawSVGDecoder.swift",
				"URL+Extension.swift",
			);
			target = 3987A5062CB54B200054D7D5 /* QuickLookPreviewExtension */;
		};
		3966046C2D096D7700870AC9 /* PBXFileSystemSynchronizedBuildFileExceptionSet */ = {
			isa = PBXFileSystemSynchronizedBuildFileExceptionSet;
			membershipExceptions = (
				NativeRenderer/ExcalidrawImageRenderer_File.swift,
			);
			target = 3963A0362C6C7EAA00472AE7 /* ExcalidrawZ (AppStore) */;
		};
		3966046D2D096D7700870AC9 /* PBXFileSystemSynchronizedBuildFileExceptionSet */ = {
			isa = PBXFileSystemSynchronizedBuildFileExceptionSet;
			membershipExceptions = (
				NativeRenderer/ExcalidrawImageRenderer_File.swift,
			);
			target = 397E4652295838CF003B824B /* ExcalidrawZ */;
		};
		3966046E2D096D7700870AC9 /* PBXFileSystemSynchronizedBuildFileExceptionSet */ = {
			isa = PBXFileSystemSynchronizedBuildFileExceptionSet;
			membershipExceptions = (
				NativeRenderer/ExcalidrawImageRenderer_File.swift,
				NativeRenderer/ExcalidrawRenderer.swift,
			);
			target = 3987A5062CB54B200054D7D5 /* QuickLookPreviewExtension */;
		};
		3987A51A2CB54B200054D7D5 /* PBXFileSystemSynchronizedBuildFileExceptionSet */ = {
			isa = PBXFileSystemSynchronizedBuildFileExceptionSet;
			membershipExceptions = (
				Info.plist,
			);
			target = 3987A5062CB54B200054D7D5 /* QuickLookPreviewExtension */;
		};
		39A28CA22D92AB8700B079B1 /* PBXFileSystemSynchronizedBuildFileExceptionSet */ = {
			isa = PBXFileSystemSynchronizedBuildFileExceptionSet;
			membershipExceptions = (
				Error.swift,
			);
			target = 3987A5062CB54B200054D7D5 /* QuickLookPreviewExtension */;
		};
		39A28CC02D92B04B00B079B1 /* PBXFileSystemSynchronizedBuildFileExceptionSet */ = {
			isa = PBXFileSystemSynchronizedBuildFileExceptionSet;
			membershipExceptions = (
				"PersistenceController+PreviewExt.swift",
			);
			target = 3963A0362C6C7EAA00472AE7 /* ExcalidrawZ (AppStore) */;
		};
		39A28CC12D92B04C00B079B1 /* PBXFileSystemSynchronizedBuildFileExceptionSet */ = {
			isa = PBXFileSystemSynchronizedBuildFileExceptionSet;
			membershipExceptions = (
				"PersistenceController+PreviewExt.swift",
			);
			target = 397E4652295838CF003B824B /* ExcalidrawZ */;
		};
		39B2EBF52D9AFD9900B6CB47 /* PBXFileSystemSynchronizedBuildFileExceptionSet */ = {
			isa = PBXFileSystemSynchronizedBuildFileExceptionSet;
			membershipExceptions = (
				components/SwitchAppStoreVersionView.swift,
				Store_NonAppStore.swift,
			);
			target = 3963A0362C6C7EAA00472AE7 /* ExcalidrawZ (AppStore) */;
		};
		39B2EC032D9AFFDB00B6CB47 /* PBXFileSystemSynchronizedBuildFileExceptionSet */ = {
			isa = PBXFileSystemSynchronizedBuildFileExceptionSet;
			membershipExceptions = (
				Store_NonAppStore.swift,
			);
			target = 397E4652295838CF003B824B /* ExcalidrawZ */;
		};
		39B69A0A2D831503003369E8 /* PBXFileSystemSynchronizedBuildFileExceptionSet */ = {
			isa = PBXFileSystemSynchronizedBuildFileExceptionSet;
			membershipExceptions = (
				"ExcalidrawFile/ExcalidrawFile+Persistence.swift",
				"ExcalidrawFile/ExcalidrawFile+Transferable.swift",
			);
			target = 3987A5062CB54B200054D7D5 /* QuickLookPreviewExtension */;
		};
/* End PBXFileSystemSynchronizedBuildFileExceptionSet section */

/* Begin PBXFileSystemSynchronizedRootGroup section */
		392CF8EA2C8EF1A700CC81B9 /* ci_scripts */ = {isa = PBXFileSystemSynchronizedRootGroup; explicitFileTypes = {}; explicitFolders = (); path = ci_scripts; sourceTree = "<group>"; };
		394EF5032DAD358A005C18E7 /* Debug */ = {isa = PBXFileSystemSynchronizedRootGroup; explicitFileTypes = {}; explicitFolders = (); path = Debug; sourceTree = "<group>"; };
		3963A0342C6BD6B200472AE7 /* Sparkle */ = {isa = PBXFileSystemSynchronizedRootGroup; exceptions = (3963A0352C6BD6B900472AE7 /* PBXFileSystemSynchronizedBuildFileExceptionSet */, ); explicitFileTypes = {}; explicitFolders = (); path = Sparkle; sourceTree = "<group>"; };
		3966034F2D096D2900870AC9 /* Utils */ = {isa = PBXFileSystemSynchronizedRootGroup; exceptions = (396603652D096D2900870AC9 /* PBXFileSystemSynchronizedBuildFileExceptionSet */, 396603662D096D2900870AC9 /* PBXFileSystemSynchronizedBuildFileExceptionSet */, 39A28CA22D92AB8700B079B1 /* PBXFileSystemSynchronizedBuildFileExceptionSet */, ); explicitFileTypes = {}; explicitFolders = (); path = Utils; sourceTree = "<group>"; };
		396603722D096D3400870AC9 /* Extensions */ = {isa = PBXFileSystemSynchronizedRootGroup; exceptions = (396603882D096D3400870AC9 /* PBXFileSystemSynchronizedBuildFileExceptionSet */, ); explicitFileTypes = {}; explicitFolders = (); path = Extensions; sourceTree = "<group>"; };
		396603912D096D3E00870AC9 /* Models */ = {isa = PBXFileSystemSynchronizedRootGroup; exceptions = (39B69A0A2D831503003369E8 /* PBXFileSystemSynchronizedBuildFileExceptionSet */, ); explicitFileTypes = {}; explicitFolders = (); path = Models; sourceTree = "<group>"; };
		396603AE2D096D4500870AC9 /* Persistence */ = {isa = PBXFileSystemSynchronizedRootGroup; exceptions = (39A28CC02D92B04B00B079B1 /* PBXFileSystemSynchronizedBuildFileExceptionSet */, 39A28CC12D92B04C00B079B1 /* PBXFileSystemSynchronizedBuildFileExceptionSet */, ); explicitFileTypes = {}; explicitFolders = (); path = Persistence; sourceTree = "<group>"; };
		396603C42D096D4900870AC9 /* Store */ = {isa = PBXFileSystemSynchronizedRootGroup; explicitFileTypes = {}; explicitFolders = (); path = Store; sourceTree = "<group>"; };
		396603D92D096D5700870AC9 /* Settings */ = {isa = PBXFileSystemSynchronizedRootGroup; explicitFileTypes = {}; explicitFolders = (); path = Settings; sourceTree = "<group>"; };
		396603E72D096D6200870AC9 /* SingleEditorView */ = {isa = PBXFileSystemSynchronizedRootGroup; explicitFileTypes = {}; explicitFolders = (); path = SingleEditorView; sourceTree = "<group>"; };
		396603ED2D096D6500870AC9 /* Share */ = {isa = PBXFileSystemSynchronizedRootGroup; explicitFileTypes = {}; explicitFolders = (); path = Share; sourceTree = "<group>"; };
		396603F72D096D6800870AC9 /* FileHistory */ = {isa = PBXFileSystemSynchronizedRootGroup; explicitFileTypes = {}; explicitFolders = (); path = FileHistory; sourceTree = "<group>"; };
		396604052D096D7100870AC9 /* components */ = {isa = PBXFileSystemSynchronizedRootGroup; explicitFileTypes = {}; explicitFolders = (); path = components; sourceTree = "<group>"; };
		396604202D096D7400870AC9 /* Sidebar */ = {isa = PBXFileSystemSynchronizedRootGroup; explicitFileTypes = {}; explicitFolders = (); path = Sidebar; sourceTree = "<group>"; };
		3966044D2D096D7700870AC9 /* ExclidrawView */ = {isa = PBXFileSystemSynchronizedRootGroup; exceptions = (3966046C2D096D7700870AC9 /* PBXFileSystemSynchronizedBuildFileExceptionSet */, 3966046D2D096D7700870AC9 /* PBXFileSystemSynchronizedBuildFileExceptionSet */, 3966046E2D096D7700870AC9 /* PBXFileSystemSynchronizedBuildFileExceptionSet */, ); explicitFileTypes = {}; explicitFolders = (); path = ExclidrawView; sourceTree = "<group>"; };
		396604702D096D8100870AC9 /* Preview Content */ = {isa = PBXFileSystemSynchronizedRootGroup; explicitFileTypes = {}; explicitFolders = (); path = "Preview Content"; sourceTree = "<group>"; };
		396604742D096D8700870AC9 /* ExcalidrawZTests */ = {isa = PBXFileSystemSynchronizedRootGroup; explicitFileTypes = {}; explicitFolders = (); path = ExcalidrawZTests; sourceTree = "<group>"; };
		396604782D096D9200870AC9 /* ExcalidrawZUITests */ = {isa = PBXFileSystemSynchronizedRootGroup; explicitFileTypes = {}; explicitFolders = (); path = ExcalidrawZUITests; sourceTree = "<group>"; };
		3987A5092CB54B200054D7D5 /* QuickLookPreviewExtension */ = {isa = PBXFileSystemSynchronizedRootGroup; exceptions = (3987A51A2CB54B200054D7D5 /* PBXFileSystemSynchronizedBuildFileExceptionSet */, ); explicitFileTypes = {}; explicitFolders = (); path = QuickLookPreviewExtension; sourceTree = "<group>"; };
		39A28CF92D92D8EA00B079B1 /* ContentView+ */ = {isa = PBXFileSystemSynchronizedRootGroup; explicitFileTypes = {}; explicitFolders = (); path = "ContentView+"; sourceTree = "<group>"; };
		39B69BC52D8BD74C003369E8 /* Subscription */ = {isa = PBXFileSystemSynchronizedRootGroup; exceptions = (39B2EBF52D9AFD9900B6CB47 /* PBXFileSystemSynchronizedBuildFileExceptionSet */, 39B2EC032D9AFFDB00B6CB47 /* PBXFileSystemSynchronizedBuildFileExceptionSet */, ); explicitFileTypes = {}; explicitFolders = (); path = Subscription; sourceTree = "<group>"; };
		39ED18482D3FCECB00E437A0 /* Videos */ = {isa = PBXFileSystemSynchronizedRootGroup; explicitFileTypes = {}; explicitFolders = (); path = Videos; sourceTree = "<group>"; };
/* End PBXFileSystemSynchronizedRootGroup section */

/* Begin PBXFrameworksBuildPhase section */
		3963A0702C6C7EAA00472AE7 /* Frameworks */ = {
			isa = PBXFrameworksBuildPhase;
			buildActionMask = 2147483647;
			files = (
				39E4A9C02D410437002BF98C /* ChocofordUI in Frameworks */,
				39E4A9BF2D410437002BF98C /* ChocofordEssentials in Frameworks */,
				3965F3792D76B5090065A8C8 /* MathJaxSwift in Frameworks */,
				39DC11BC2C9195F60037C4AE /* ChocofordUI in Frameworks */,
				398F14552CF738ED0061CCF9 /* SwiftyAlert in Frameworks */,
				39DC11BB2C9195F60037C4AE /* ChocofordEssentials in Frameworks */,
				3910878A2DFFCC200057F493 /* Logging in Frameworks */,
				39BE12F12CB7DD97006781D5 /* Zlib in Frameworks */,
				3963A0742C6C7EAA00472AE7 /* FlyingFox in Frameworks */,
				3990F8362CACF4C500C94983 /* StoreKit.framework in Frameworks */,
				3965F2122D6F60330065A8C8 /* FSEventsWrapper in Frameworks */,
				39ED18632D40FCBD00E437A0 /* AVKit.framework in Frameworks */,
			);
			runOnlyForDeploymentPostprocessing = 0;
		};
		397E4650295838CF003B824B /* Frameworks */ = {
			isa = PBXFrameworksBuildPhase;
			buildActionMask = 2147483647;
			files = (
				391087832DFFCC1A0057F493 /* Logging in Frameworks */,
				39E4A9C82D410437002BF98C /* ChocofordEssentials in Frameworks */,
				39E4A9C72D410437002BF98C /* ChocofordUI in Frameworks */,
				39E4A9C62D410437002BF98C /* ChocofordUI in Frameworks */,
				39E4A9C52D410437002BF98C /* ChocofordEssentials in Frameworks */,
				39E4A9C42D410437002BF98C /* ChocofordUI in Frameworks */,
				3965F3772D76B4EC0065A8C8 /* MathJaxSwift in Frameworks */,
				39E4A9C32D410437002BF98C /* ChocofordEssentials in Frameworks */,
				39E4A9C22D410437002BF98C /* ChocofordUI in Frameworks */,
				39E4A9C12D410437002BF98C /* ChocofordEssentials in Frameworks */,
				39ED18642D40FCC400E437A0 /* AVKit.framework in Frameworks */,
				398F144D2CF7379C0061CCF9 /* ChocofordUI in Frameworks */,
				39E556F22CC8060E0009F051 /* ChocofordEssentials in Frameworks */,
				3914876D2960AFD10042927A /* Sparkle in Frameworks */,
				39BE12EE2CB7DD8C006781D5 /* Zlib in Frameworks */,
				3966623F2C666EC600F863BC /* FlyingFox in Frameworks */,
				3965F2102D6F60170065A8C8 /* FSEventsWrapper in Frameworks */,
				398F14532CF738DB0061CCF9 /* SwiftyAlert in Frameworks */,
			);
			runOnlyForDeploymentPostprocessing = 0;
		};
		397E4661295838D0003B824B /* Frameworks */ = {
			isa = PBXFrameworksBuildPhase;
			buildActionMask = 2147483647;
			files = (
			);
			runOnlyForDeploymentPostprocessing = 0;
		};
		397E466B295838D0003B824B /* Frameworks */ = {
			isa = PBXFrameworksBuildPhase;
			buildActionMask = 2147483647;
			files = (
			);
			runOnlyForDeploymentPostprocessing = 0;
		};
		3987A5042CB54B200054D7D5 /* Frameworks */ = {
			isa = PBXFrameworksBuildPhase;
			buildActionMask = 2147483647;
			files = (
				39B142EA2CE9D2A100D3EEDA /* Zlib in Frameworks */,
				398F14592CF738F70061CCF9 /* SwiftyAlert in Frameworks */,
				3987A5D72CB640650054D7D5 /* FlyingSocks in Frameworks */,
				398F14612CF739B50061CCF9 /* ChocofordUI in Frameworks */,
				3987A5D52CB640590054D7D5 /* FlyingFox in Frameworks */,
				398F14632CF739B90061CCF9 /* ChocofordEssentials in Frameworks */,
			);
			runOnlyForDeploymentPostprocessing = 0;
		};
/* End PBXFrameworksBuildPhase section */

/* Begin PBXGroup section */
		397152D52C85D02500A65ADF /* Frameworks */ = {
			isa = PBXGroup;
			children = (
				39ED18622D40FCBD00E437A0 /* AVKit.framework */,
				3915C9AB2CB54A6800B860E7 /* QuickLookUI.framework */,
				3990F8352CACF4C500C94983 /* StoreKit.framework */,
			);
			name = Frameworks;
			sourceTree = "<group>";
		};
		397E464A295838CF003B824B = {
			isa = PBXGroup;
			children = (
				391673912CF85EEC0001AE18 /* PRIVATE_TIPS.md */,
				500E089C2CF1BFB600392CC2 /* Config */,
				392CF8EA2C8EF1A700CC81B9 /* ci_scripts */,
				397E4655295838CF003B824B /* ExcalidrawZ */,
				396604742D096D8700870AC9 /* ExcalidrawZTests */,
				396604782D096D9200870AC9 /* ExcalidrawZUITests */,
				3987A5092CB54B200054D7D5 /* QuickLookPreviewExtension */,
				397E4654295838CF003B824B /* Products */,
				397152D52C85D02500A65ADF /* Frameworks */,
			);
			sourceTree = "<group>";
		};
		397E4654295838CF003B824B /* Products */ = {
			isa = PBXGroup;
			children = (
				397E4653295838CF003B824B /* ExcalidrawZ.app */,
				397E4664295838D0003B824B /* ExcalidrawZTests.xctest */,
				397E466E295838D0003B824B /* ExcalidrawZUITests.xctest */,
				3963A0822C6C7EAA00472AE7 /* ExcalidrawZ.app */,
				3987A5072CB54B200054D7D5 /* QuickLookPreviewExtension.appex */,
			);
			name = Products;
			sourceTree = "<group>";
		};
		397E4655295838CF003B824B /* ExcalidrawZ */ = {
			isa = PBXGroup;
			children = (
				3963A0832C6C7EAA00472AE7 /* AppStore-Info.plist */,
				39148772296316720042927A /* Info.plist */,
				3963A14D2C6D1D4900472AE7 /* Lagacy-Info.plist */,
				397E4656295838CF003B824B /* ExcalidrawZApp.swift */,
				397F98DD295EE18E009BED55 /* AppDelegate.swift */,
				394A7FAE2C515CB700D4918B /* RootView.swift */,
				397E4658295838CF003B824B /* ContentView.swift */,
				39A28CF92D92D8EA00B079B1 /* ContentView+ */,
				396604052D096D7100870AC9 /* components */,
				396604202D096D7400870AC9 /* Sidebar */,
				3966044D2D096D7700870AC9 /* ExclidrawView */,
				396603F72D096D6800870AC9 /* FileHistory */,
				396603ED2D096D6500870AC9 /* Share */,
				39B69BC52D8BD74C003369E8 /* Subscription */,
				396603E72D096D6200870AC9 /* SingleEditorView */,
				396603D92D096D5700870AC9 /* Settings */,
				394EF5032DAD358A005C18E7 /* Debug */,
				3963A0342C6BD6B200472AE7 /* Sparkle */,
				396603C42D096D4900870AC9 /* Store */,
				396603AE2D096D4500870AC9 /* Persistence */,
				396603912D096D3E00870AC9 /* Models */,
				396603722D096D3400870AC9 /* Extensions */,
				3966034F2D096D2900870AC9 /* Utils */,
				397E468529599DA0003B824B /* Resources */,
				397E465A295838D0003B824B /* Assets.xcassets */,
				39B69BDC2D8C18A0003369E8 /* SyncedStore.storekit */,
				3990F82B2CA9C55100C94983 /* Store.storekit */,
				39ED18532D3FDE1C00E437A0 /* Localizable.xcstrings */,
				3908EB9729674DF60054A3ED /* Model.xcdatamodeld */,
				397E465C295838D0003B824B /* ExcalidrawZ.entitlements */,
				396604702D096D8100870AC9 /* Preview Content */,
			);
			path = ExcalidrawZ;
			sourceTree = "<group>";
		};
		397E468529599DA0003B824B /* Resources */ = {
			isa = PBXGroup;
			children = (
				39ED18482D3FCECB00E437A0 /* Videos */,
				39AF4DE02D0611E0009126C4 /* CHANGELOG.md */,
				397E468629599DD3003B824B /* FakeDrop.js */,
				39AD1EE8295AE08800DA9657 /* FakeSaveCommand.js */,
				39A7BB812A101B21003887F9 /* FakeToggleColorMode.js */,
				397E468E295AAE5D003B824B /* template.excalidraw */,
				3966612F2C665D3E00F863BC /* excalidraw-latest */,
				3976C4D52C8789F60037D3AF /* overwrite_console.js */,
			);
			path = Resources;
			sourceTree = "<group>";
		};
		500E089C2CF1BFB600392CC2 /* Config */ = {
			isa = PBXGroup;
			children = (
				500E089B2CF1BFB600392CC2 /* Project.xcconfig */,
				39B69A322D8423C3003369E8 /* Overrides.xcconfig */,
				39B69A2D2D8422F0003369E8 /* Secrets.plist */,
			);
			path = Config;
			sourceTree = "<group>";
		};
/* End PBXGroup section */

/* Begin PBXNativeTarget section */
		3963A0362C6C7EAA00472AE7 /* ExcalidrawZ (AppStore) */ = {
			isa = PBXNativeTarget;
			buildConfigurationList = 3963A07F2C6C7EAA00472AE7 /* Build configuration list for PBXNativeTarget "ExcalidrawZ (AppStore)" */;
			buildPhases = (
				3963A0402C6C7EAA00472AE7 /* Sources */,
				3963A0702C6C7EAA00472AE7 /* Frameworks */,
				3963A0772C6C7EAA00472AE7 /* Resources */,
				3915C96E2CB52CBD00B860E7 /* Embed Foundation Extensions */,
			);
			buildRules = (
			);
			dependencies = (
				390716E22C6F15DE002D7834 /* PBXTargetDependency */,
				3987A5142CB54B200054D7D5 /* PBXTargetDependency */,
			);
			fileSystemSynchronizedGroups = (
				394EF5032DAD358A005C18E7 /* Debug */,
				3966034F2D096D2900870AC9 /* Utils */,
				396603722D096D3400870AC9 /* Extensions */,
				396603912D096D3E00870AC9 /* Models */,
				396603AE2D096D4500870AC9 /* Persistence */,
				396603C42D096D4900870AC9 /* Store */,
				396603D92D096D5700870AC9 /* Settings */,
				396603E72D096D6200870AC9 /* SingleEditorView */,
				396603ED2D096D6500870AC9 /* Share */,
				396603F72D096D6800870AC9 /* FileHistory */,
				396604052D096D7100870AC9 /* components */,
				396604202D096D7400870AC9 /* Sidebar */,
				3966044D2D096D7700870AC9 /* ExclidrawView */,
				396604702D096D8100870AC9 /* Preview Content */,
				39A28CF92D92D8EA00B079B1 /* ContentView+ */,
				39B69BC52D8BD74C003369E8 /* Subscription */,
				39ED18482D3FCECB00E437A0 /* Videos */,
			);
			name = "ExcalidrawZ (AppStore)";
			packageProductDependencies = (
				3963A0392C6C7EAA00472AE7 /* ChocofordEssentials */,
				3963A03A2C6C7EAA00472AE7 /* ChocofordUI */,
				3963A03B2C6C7EAA00472AE7 /* ChocofordEssentials */,
				3963A03D2C6C7EAA00472AE7 /* ChocofordUI */,
				3963A03E2C6C7EAA00472AE7 /* FlyingFox */,
				39BE12F02CB7DD97006781D5 /* Zlib */,
				398F14542CF738ED0061CCF9 /* SwiftyAlert */,
				3965F2112D6F60330065A8C8 /* FSEventsWrapper */,
				3965F3782D76B5090065A8C8 /* MathJaxSwift */,
				391087892DFFCC200057F493 /* Logging */,
			);
			productName = ExcaliDrawZ;
			productReference = 3963A0822C6C7EAA00472AE7 /* ExcalidrawZ.app */;
			productType = "com.apple.product-type.application";
		};
		397E4652295838CF003B824B /* ExcalidrawZ */ = {
			isa = PBXNativeTarget;
			buildConfigurationList = 397E4678295838D0003B824B /* Build configuration list for PBXNativeTarget "ExcalidrawZ" */;
			buildPhases = (
				397E464F295838CF003B824B /* Sources */,
				397E4650295838CF003B824B /* Frameworks */,
				397E4651295838CF003B824B /* Resources */,
				3915C9742CB52D5C00B860E7 /* Embed Foundation Extensions */,
			);
			buildRules = (
			);
			dependencies = (
				390716E42C6F15E3002D7834 /* PBXTargetDependency */,
				3987A51E2CB54B840054D7D5 /* PBXTargetDependency */,
			);
			fileSystemSynchronizedGroups = (
				394EF5032DAD358A005C18E7 /* Debug */,
				3966034F2D096D2900870AC9 /* Utils */,
				396603722D096D3400870AC9 /* Extensions */,
				396603912D096D3E00870AC9 /* Models */,
				396603AE2D096D4500870AC9 /* Persistence */,
				396603C42D096D4900870AC9 /* Store */,
				396603D92D096D5700870AC9 /* Settings */,
				396603E72D096D6200870AC9 /* SingleEditorView */,
				396603ED2D096D6500870AC9 /* Share */,
				396603F72D096D6800870AC9 /* FileHistory */,
				396604052D096D7100870AC9 /* components */,
				396604202D096D7400870AC9 /* Sidebar */,
				3966044D2D096D7700870AC9 /* ExclidrawView */,
				396604702D096D8100870AC9 /* Preview Content */,
				39A28CF92D92D8EA00B079B1 /* ContentView+ */,
				39B69BC52D8BD74C003369E8 /* Subscription */,
				39ED18482D3FCECB00E437A0 /* Videos */,
			);
			name = ExcalidrawZ;
			packageProductDependencies = (
				3914876C2960AFD10042927A /* Sparkle */,
				3930B2F72C512E7B00F14E88 /* ChocofordEssentials */,
				3930B2F92C512E7B00F14E88 /* ChocofordUI */,
				3966623E2C666EC600F863BC /* FlyingFox */,
				39E9C5A42C8CB2E600BC1C07 /* ChocofordEssentials */,
				39E9C5A62C8CB2E600BC1C07 /* ChocofordUI */,
				3929AB782CA5E4B800C7CCE8 /* ChocofordEssentials */,
				3929AB7A2CA5E4B800C7CCE8 /* ChocofordUI */,
				39BE12ED2CB7DD8C006781D5 /* Zlib */,
				39E556F12CC8060E0009F051 /* ChocofordEssentials */,
				39E556F32CC8060E0009F051 /* ChocofordUI */,
				398F144A2CF7379C0061CCF9 /* ChocofordEssentials */,
				398F144C2CF7379C0061CCF9 /* ChocofordUI */,
				398F14522CF738DB0061CCF9 /* SwiftyAlert */,
				3965F20F2D6F60170065A8C8 /* FSEventsWrapper */,
				3965F3762D76B4EC0065A8C8 /* MathJaxSwift */,
				391087822DFFCC1A0057F493 /* Logging */,
			);
			productName = ExcaliDrawZ;
			productReference = 397E4653295838CF003B824B /* ExcalidrawZ.app */;
			productType = "com.apple.product-type.application";
		};
		397E4663295838D0003B824B /* ExcalidrawZTests */ = {
			isa = PBXNativeTarget;
			buildConfigurationList = 397E467B295838D0003B824B /* Build configuration list for PBXNativeTarget "ExcalidrawZTests" */;
			buildPhases = (
				397E4660295838D0003B824B /* Sources */,
				397E4661295838D0003B824B /* Frameworks */,
				397E4662295838D0003B824B /* Resources */,
			);
			buildRules = (
			);
			dependencies = (
				397E4666295838D0003B824B /* PBXTargetDependency */,
			);
			fileSystemSynchronizedGroups = (
				396604742D096D8700870AC9 /* ExcalidrawZTests */,
			);
			name = ExcalidrawZTests;
			productName = ExcaliDrawZTests;
			productReference = 397E4664295838D0003B824B /* ExcalidrawZTests.xctest */;
			productType = "com.apple.product-type.bundle.unit-test";
		};
		397E466D295838D0003B824B /* ExcalidrawZUITests */ = {
			isa = PBXNativeTarget;
			buildConfigurationList = 397E467E295838D0003B824B /* Build configuration list for PBXNativeTarget "ExcalidrawZUITests" */;
			buildPhases = (
				397E466A295838D0003B824B /* Sources */,
				397E466B295838D0003B824B /* Frameworks */,
				397E466C295838D0003B824B /* Resources */,
			);
			buildRules = (
			);
			dependencies = (
				397E4670295838D0003B824B /* PBXTargetDependency */,
			);
			fileSystemSynchronizedGroups = (
				396604782D096D9200870AC9 /* ExcalidrawZUITests */,
			);
			name = ExcalidrawZUITests;
			productName = ExcaliDrawZUITests;
			productReference = 397E466E295838D0003B824B /* ExcalidrawZUITests.xctest */;
			productType = "com.apple.product-type.bundle.ui-testing";
		};
		3987A5062CB54B200054D7D5 /* QuickLookPreviewExtension */ = {
			isa = PBXNativeTarget;
			buildConfigurationList = 3987A5162CB54B200054D7D5 /* Build configuration list for PBXNativeTarget "QuickLookPreviewExtension" */;
			buildPhases = (
				3987A5032CB54B200054D7D5 /* Sources */,
				3987A5042CB54B200054D7D5 /* Frameworks */,
				3987A5052CB54B200054D7D5 /* Resources */,
			);
			buildRules = (
			);
			dependencies = (
				3987A57F2CB558B40054D7D5 /* PBXTargetDependency */,
			);
			fileSystemSynchronizedGroups = (
				396603912D096D3E00870AC9 /* Models */,
				3987A5092CB54B200054D7D5 /* QuickLookPreviewExtension */,
			);
			name = QuickLookPreviewExtension;
			packageProductDependencies = (
				3987A5D42CB640590054D7D5 /* FlyingFox */,
				3987A5D62CB640650054D7D5 /* FlyingSocks */,
				39B142E92CE9D2A100D3EEDA /* Zlib */,
				398F14582CF738F70061CCF9 /* SwiftyAlert */,
				398F14602CF739B50061CCF9 /* ChocofordUI */,
				398F14622CF739B90061CCF9 /* ChocofordEssentials */,
			);
			productName = QuickLookPreviewExtension;
			productReference = 3987A5072CB54B200054D7D5 /* QuickLookPreviewExtension.appex */;
			productType = "com.apple.product-type.app-extension";
		};
/* End PBXNativeTarget section */

/* Begin PBXProject section */
		397E464B295838CF003B824B /* Project object */ = {
			isa = PBXProject;
			attributes = {
				BuildIndependentTargetsInParallel = 1;
				LastSwiftUpdateCheck = 1600;
				LastUpgradeCheck = 1620;
				TargetAttributes = {
					397E4652295838CF003B824B = {
						CreatedOnToolsVersion = 14.2;
					};
					397E4663295838D0003B824B = {
						CreatedOnToolsVersion = 14.2;
						TestTargetID = 397E4652295838CF003B824B;
					};
					397E466D295838D0003B824B = {
						CreatedOnToolsVersion = 14.2;
						TestTargetID = 397E4652295838CF003B824B;
					};
					3987A5062CB54B200054D7D5 = {
						CreatedOnToolsVersion = 16.0;
					};
				};
			};
			buildConfigurationList = 397E464E295838CF003B824B /* Build configuration list for PBXProject "ExcalidrawZ" */;
			compatibilityVersion = "Xcode 15.0";
			developmentRegion = en;
			hasScannedForEncodings = 0;
			knownRegions = (
				en,
				Base,
				"zh-Hans",
			);
			mainGroup = 397E464A295838CF003B824B;
			packageReferences = (
				3914876B2960AFD00042927A /* XCRemoteSwiftPackageReference "Sparkle" */,
				3966623D2C666EC600F863BC /* XCRemoteSwiftPackageReference "FlyingFox" */,
				390716CF2C6E82CF002D7834 /* XCRemoteSwiftPackageReference "xcstrings-tool-plugin" */,
				39BE12EC2CB7DD8C006781D5 /* XCRemoteSwiftPackageReference "Zlib" */,
				398F14492CF7379C0061CCF9 /* XCRemoteSwiftPackageReference "ChocofordKit" */,
				398F14512CF738DB0061CCF9 /* XCRemoteSwiftPackageReference "SwiftyAlert" */,
				3965F20E2D6F60170065A8C8 /* XCRemoteSwiftPackageReference "FSEventsWrapper" */,
				3965F3752D76B4EC0065A8C8 /* XCRemoteSwiftPackageReference "MathJaxSwift" */,
				391087702DFFCB900057F493 /* XCRemoteSwiftPackageReference "swift-log" */,
			);
			productRefGroup = 397E4654295838CF003B824B /* Products */;
			projectDirPath = "";
			projectRoot = "";
			targets = (
				3963A0362C6C7EAA00472AE7 /* ExcalidrawZ (AppStore) */,
				397E4652295838CF003B824B /* ExcalidrawZ */,
				397E4663295838D0003B824B /* ExcalidrawZTests */,
				397E466D295838D0003B824B /* ExcalidrawZUITests */,
				3987A5062CB54B200054D7D5 /* QuickLookPreviewExtension */,
			);
		};
/* End PBXProject section */

/* Begin PBXResourcesBuildPhase section */
		3963A0772C6C7EAA00472AE7 /* Resources */ = {
			isa = PBXResourcesBuildPhase;
			buildActionMask = 2147483647;
			files = (
				3963A0782C6C7EAA00472AE7 /* excalidraw-latest in Resources */,
				39ED18552D3FDE1C00E437A0 /* Localizable.xcstrings in Resources */,
				39B2F0732D9D6AAC00B6CB47 /* Secrets.plist in Resources */,
				3963A0792C6C7EAA00472AE7 /* FakeDrop.js in Resources */,
				39AF4DE32D0611E0009126C4 /* CHANGELOG.md in Resources */,
				3963A07A2C6C7EAA00472AE7 /* template.excalidraw in Resources */,
				3963A07C2C6C7EAA00472AE7 /* Assets.xcassets in Resources */,
				39B69BDD2D8C18A0003369E8 /* SyncedStore.storekit in Resources */,
				3963A07D2C6C7EAA00472AE7 /* FakeToggleColorMode.js in Resources */,
				3990F82E2CA9C55100C94983 /* Store.storekit in Resources */,
				3976C4D72C8789F60037D3AF /* overwrite_console.js in Resources */,
				3963A07E2C6C7EAA00472AE7 /* FakeSaveCommand.js in Resources */,
			);
			runOnlyForDeploymentPostprocessing = 0;
		};
		397E4651295838CF003B824B /* Resources */ = {
			isa = PBXResourcesBuildPhase;
			buildActionMask = 2147483647;
			files = (
				396661302C665D4300F863BC /* excalidraw-latest in Resources */,
				39ED18542D3FDE1C00E437A0 /* Localizable.xcstrings in Resources */,
				397E468729599DD4003B824B /* FakeDrop.js in Resources */,
				39AF4DE12D0611E0009126C4 /* CHANGELOG.md in Resources */,
				39B69A2E2D8422F0003369E8 /* Secrets.plist in Resources */,
				397E468F295AAE5E003B824B /* template.excalidraw in Resources */,
				397E465B295838D0003B824B /* Assets.xcassets in Resources */,
				39B69BDE2D8C18A0003369E8 /* SyncedStore.storekit in Resources */,
				39A7BB822A101B21003887F9 /* FakeToggleColorMode.js in Resources */,
				3990F82D2CA9C55100C94983 /* Store.storekit in Resources */,
				3976C4D62C8789F60037D3AF /* overwrite_console.js in Resources */,
				39AD1EE9295AE08800DA9657 /* FakeSaveCommand.js in Resources */,
			);
			runOnlyForDeploymentPostprocessing = 0;
		};
		397E4662295838D0003B824B /* Resources */ = {
			isa = PBXResourcesBuildPhase;
			buildActionMask = 2147483647;
			files = (
			);
			runOnlyForDeploymentPostprocessing = 0;
		};
		397E466C295838D0003B824B /* Resources */ = {
			isa = PBXResourcesBuildPhase;
			buildActionMask = 2147483647;
			files = (
			);
			runOnlyForDeploymentPostprocessing = 0;
		};
		3987A5052CB54B200054D7D5 /* Resources */ = {
			isa = PBXResourcesBuildPhase;
			buildActionMask = 2147483647;
			files = (
				39A28C9A2D92AB1D00B079B1 /* Localizable.xcstrings in Resources */,
				3987A5D02CB63FB00054D7D5 /* overwrite_console.js in Resources */,
			);
			runOnlyForDeploymentPostprocessing = 0;
		};
/* End PBXResourcesBuildPhase section */

/* Begin PBXSourcesBuildPhase section */
		3963A0402C6C7EAA00472AE7 /* Sources */ = {
			isa = PBXSourcesBuildPhase;
			buildActionMask = 2147483647;
			files = (
				3963A0462C6C7EAA00472AE7 /* RootView.swift in Sources */,
				3963A0472C6C7EAA00472AE7 /* Model.xcdatamodeld in Sources */,
				3963A0562C6C7EAA00472AE7 /* ContentView.swift in Sources */,
				3963A0652C6C7EAA00472AE7 /* ExcalidrawZApp.swift in Sources */,
				3963A06C2C6C7EAA00472AE7 /* AppDelegate.swift in Sources */,
			);
			runOnlyForDeploymentPostprocessing = 0;
		};
		397E464F295838CF003B824B /* Sources */ = {
			isa = PBXSourcesBuildPhase;
			buildActionMask = 2147483647;
			files = (
				394A7FAF2C515CB700D4918B /* RootView.swift in Sources */,
				3908EB9929674DF60054A3ED /* Model.xcdatamodeld in Sources */,
				397E4659295838CF003B824B /* ContentView.swift in Sources */,
				397E4657295838CF003B824B /* ExcalidrawZApp.swift in Sources */,
				397F98DE295EE18E009BED55 /* AppDelegate.swift in Sources */,
			);
			runOnlyForDeploymentPostprocessing = 0;
		};
		397E4660295838D0003B824B /* Sources */ = {
			isa = PBXSourcesBuildPhase;
			buildActionMask = 2147483647;
			files = (
			);
			runOnlyForDeploymentPostprocessing = 0;
		};
		397E466A295838D0003B824B /* Sources */ = {
			isa = PBXSourcesBuildPhase;
			buildActionMask = 2147483647;
			files = (
			);
			runOnlyForDeploymentPostprocessing = 0;
		};
		3987A5032CB54B200054D7D5 /* Sources */ = {
			isa = PBXSourcesBuildPhase;
			buildActionMask = 2147483647;
			files = (
			);
			runOnlyForDeploymentPostprocessing = 0;
		};
/* End PBXSourcesBuildPhase section */

/* Begin PBXTargetDependency section */
		390716E22C6F15DE002D7834 /* PBXTargetDependency */ = {
			isa = PBXTargetDependency;
			productRef = 390716E12C6F15DE002D7834 /* XCStringsToolPlugin */;
		};
		390716E42C6F15E3002D7834 /* PBXTargetDependency */ = {
			isa = PBXTargetDependency;
			productRef = 390716E32C6F15E3002D7834 /* XCStringsToolPlugin */;
		};
		397E4666295838D0003B824B /* PBXTargetDependency */ = {
			isa = PBXTargetDependency;
			target = 397E4652295838CF003B824B /* ExcalidrawZ */;
			targetProxy = 397E4665295838D0003B824B /* PBXContainerItemProxy */;
		};
		397E4670295838D0003B824B /* PBXTargetDependency */ = {
			isa = PBXTargetDependency;
			target = 397E4652295838CF003B824B /* ExcalidrawZ */;
			targetProxy = 397E466F295838D0003B824B /* PBXContainerItemProxy */;
		};
		3987A5142CB54B200054D7D5 /* PBXTargetDependency */ = {
			isa = PBXTargetDependency;
			platformFilters = (
				macos,
			);
			target = 3987A5062CB54B200054D7D5 /* QuickLookPreviewExtension */;
			targetProxy = 3987A5132CB54B200054D7D5 /* PBXContainerItemProxy */;
		};
		3987A51E2CB54B840054D7D5 /* PBXTargetDependency */ = {
			isa = PBXTargetDependency;
			platformFilters = (
				macos,
			);
			target = 3987A5062CB54B200054D7D5 /* QuickLookPreviewExtension */;
			targetProxy = 3987A51D2CB54B840054D7D5 /* PBXContainerItemProxy */;
		};
		3987A57F2CB558B40054D7D5 /* PBXTargetDependency */ = {
			isa = PBXTargetDependency;
			productRef = 3987A57E2CB558B40054D7D5 /* XCStringsToolPlugin */;
		};
/* End PBXTargetDependency section */

/* Begin XCBuildConfiguration section */
		3963A0802C6C7EAA00472AE7 /* Debug */ = {
			isa = XCBuildConfiguration;
			buildSettings = {
				ASSETCATALOG_COMPILER_APPICON_NAME = AppIcon;
				ASSETCATALOG_COMPILER_GLOBAL_ACCENT_COLOR_NAME = AccentColor;
				CODE_SIGN_ENTITLEMENTS = ExcalidrawZ/ExcalidrawZ.entitlements;
				"CODE_SIGN_IDENTITY[sdk=macosx*]" = "Apple Development";
				CODE_SIGN_STYLE = Automatic;
				CURRENT_PROJECT_VERSION = 49;
				DEAD_CODE_STRIPPING = YES;
				DEVELOPMENT_ASSET_PATHS = "\"ExcalidrawZ/Preview Content\"";
				ENABLE_HARDENED_RUNTIME = YES;
				ENABLE_PREVIEWS = YES;
				GENERATE_INFOPLIST_FILE = YES;
				INFOPLIST_FILE = "ExcalidrawZ/AppStore-Info.plist";
				INFOPLIST_KEY_CFBundleDisplayName = "ExcalidrawZ-Debug";
				INFOPLIST_KEY_LSApplicationCategoryType = "public.app-category.productivity";
				INFOPLIST_KEY_NSCameraUsageDescription = "ExcalidrawZ wants to use your camera for excalidraw image input.";
				"INFOPLIST_KEY_UIApplicationSceneManifest_Generation[sdk=iphoneos*]" = YES;
				"INFOPLIST_KEY_UIApplicationSceneManifest_Generation[sdk=iphonesimulator*]" = YES;
				"INFOPLIST_KEY_UIApplicationSupportsIndirectInputEvents[sdk=iphoneos*]" = YES;
				"INFOPLIST_KEY_UIApplicationSupportsIndirectInputEvents[sdk=iphonesimulator*]" = YES;
				"INFOPLIST_KEY_UILaunchScreen_Generation[sdk=iphoneos*]" = YES;
				"INFOPLIST_KEY_UILaunchScreen_Generation[sdk=iphonesimulator*]" = YES;
				"INFOPLIST_KEY_UIStatusBarStyle[sdk=iphoneos*]" = UIStatusBarStyleDefault;
				"INFOPLIST_KEY_UIStatusBarStyle[sdk=iphonesimulator*]" = UIStatusBarStyleDefault;
				INFOPLIST_KEY_UISupportedInterfaceOrientations_iPad = "UIInterfaceOrientationPortrait UIInterfaceOrientationPortraitUpsideDown UIInterfaceOrientationLandscapeLeft UIInterfaceOrientationLandscapeRight";
				INFOPLIST_KEY_UISupportedInterfaceOrientations_iPhone = "UIInterfaceOrientationPortrait UIInterfaceOrientationLandscapeLeft UIInterfaceOrientationLandscapeRight";
				IPHONEOS_DEPLOYMENT_TARGET = 16.0;
				LD_RUNPATH_SEARCH_PATHS = "@executable_path/Frameworks";
				"LD_RUNPATH_SEARCH_PATHS[sdk=macosx*]" = "@executable_path/../Frameworks";
				LOCALIZED_STRING_SWIFTUI_SUPPORT = NO;
				MACOSX_DEPLOYMENT_TARGET = 12.0;
				MARKETING_VERSION = 1.5.1;
				PRODUCT_BUNDLE_IDENTIFIER = "com.chocoford.excalidraw-Debug";
				PRODUCT_NAME = ExcalidrawZ;
				SDKROOT = auto;
				SUPPORTED_PLATFORMS = "iphoneos iphonesimulator macosx";
				SWIFT_ACTIVE_COMPILATION_CONDITIONS = DEBUG;
				SWIFT_EMIT_LOC_STRINGS = NO;
				SWIFT_VERSION = 5.0;
				TARGETED_DEVICE_FAMILY = "1,2";
			};
			name = Debug;
		};
		3963A0812C6C7EAA00472AE7 /* Release */ = {
			isa = XCBuildConfiguration;
			buildSettings = {
				ASSETCATALOG_COMPILER_APPICON_NAME = AppIcon;
				ASSETCATALOG_COMPILER_GLOBAL_ACCENT_COLOR_NAME = AccentColor;
				CODE_SIGN_ENTITLEMENTS = ExcalidrawZ/ExcalidrawZ.entitlements;
				"CODE_SIGN_IDENTITY[sdk=macosx*]" = "Apple Development";
				CODE_SIGN_STYLE = Automatic;
				CURRENT_PROJECT_VERSION = 49;
				DEAD_CODE_STRIPPING = YES;
				DEVELOPMENT_ASSET_PATHS = "\"ExcalidrawZ/Preview Content\"";
				ENABLE_HARDENED_RUNTIME = YES;
				ENABLE_PREVIEWS = YES;
				GENERATE_INFOPLIST_FILE = YES;
				INFOPLIST_FILE = "ExcalidrawZ/AppStore-Info.plist";
				INFOPLIST_KEY_CFBundleDisplayName = ExcalidrawZ;
				INFOPLIST_KEY_LSApplicationCategoryType = "public.app-category.productivity";
				INFOPLIST_KEY_NSCameraUsageDescription = "ExcalidrawZ wants to use your camera for excalidraw image input.";
				"INFOPLIST_KEY_UIApplicationSceneManifest_Generation[sdk=iphoneos*]" = YES;
				"INFOPLIST_KEY_UIApplicationSceneManifest_Generation[sdk=iphonesimulator*]" = YES;
				"INFOPLIST_KEY_UIApplicationSupportsIndirectInputEvents[sdk=iphoneos*]" = YES;
				"INFOPLIST_KEY_UIApplicationSupportsIndirectInputEvents[sdk=iphonesimulator*]" = YES;
				"INFOPLIST_KEY_UILaunchScreen_Generation[sdk=iphoneos*]" = YES;
				"INFOPLIST_KEY_UILaunchScreen_Generation[sdk=iphonesimulator*]" = YES;
				"INFOPLIST_KEY_UIStatusBarStyle[sdk=iphoneos*]" = UIStatusBarStyleDefault;
				"INFOPLIST_KEY_UIStatusBarStyle[sdk=iphonesimulator*]" = UIStatusBarStyleDefault;
				INFOPLIST_KEY_UISupportedInterfaceOrientations_iPad = "UIInterfaceOrientationPortrait UIInterfaceOrientationPortraitUpsideDown UIInterfaceOrientationLandscapeLeft UIInterfaceOrientationLandscapeRight";
				INFOPLIST_KEY_UISupportedInterfaceOrientations_iPhone = "UIInterfaceOrientationPortrait UIInterfaceOrientationLandscapeLeft UIInterfaceOrientationLandscapeRight";
				IPHONEOS_DEPLOYMENT_TARGET = 16.0;
				LD_RUNPATH_SEARCH_PATHS = "@executable_path/Frameworks";
				"LD_RUNPATH_SEARCH_PATHS[sdk=macosx*]" = "@executable_path/../Frameworks";
				LOCALIZED_STRING_SWIFTUI_SUPPORT = NO;
				MACOSX_DEPLOYMENT_TARGET = 12.0;
				MARKETING_VERSION = 1.5.1;
				PRODUCT_BUNDLE_IDENTIFIER = com.chocoford.excalidraw;
				PRODUCT_NAME = ExcalidrawZ;
				SDKROOT = auto;
				SUPPORTED_PLATFORMS = "iphoneos iphonesimulator macosx";
				SWIFT_ACTIVE_COMPILATION_CONDITIONS = "";
				SWIFT_EMIT_LOC_STRINGS = NO;
				SWIFT_VERSION = 5.0;
				TARGETED_DEVICE_FAMILY = "1,2";
			};
			name = Release;
		};
		3963A0A42C6D12D400472AE7 /* App Store */ = {
			isa = XCBuildConfiguration;
			baseConfigurationReference = 500E089B2CF1BFB600392CC2 /* Project.xcconfig */;
			buildSettings = {
				ALWAYS_SEARCH_USER_PATHS = NO;
				ASSETCATALOG_COMPILER_GENERATE_SWIFT_ASSET_SYMBOL_EXTENSIONS = YES;
				CLANG_ANALYZER_LOCALIZABILITY_NONLOCALIZED = YES;
				CLANG_ANALYZER_NONNULL = YES;
				CLANG_ANALYZER_NUMBER_OBJECT_CONVERSION = YES_AGGRESSIVE;
				CLANG_CXX_LANGUAGE_STANDARD = "gnu++20";
				CLANG_ENABLE_MODULES = YES;
				CLANG_ENABLE_OBJC_ARC = YES;
				CLANG_ENABLE_OBJC_WEAK = YES;
				CLANG_WARN_BLOCK_CAPTURE_AUTORELEASING = YES;
				CLANG_WARN_BOOL_CONVERSION = YES;
				CLANG_WARN_COMMA = YES;
				CLANG_WARN_CONSTANT_CONVERSION = YES;
				CLANG_WARN_DEPRECATED_OBJC_IMPLEMENTATIONS = YES;
				CLANG_WARN_DIRECT_OBJC_ISA_USAGE = YES_ERROR;
				CLANG_WARN_DOCUMENTATION_COMMENTS = YES;
				CLANG_WARN_EMPTY_BODY = YES;
				CLANG_WARN_ENUM_CONVERSION = YES;
				CLANG_WARN_INFINITE_RECURSION = YES;
				CLANG_WARN_INT_CONVERSION = YES;
				CLANG_WARN_NON_LITERAL_NULL_CONVERSION = YES;
				CLANG_WARN_OBJC_IMPLICIT_RETAIN_SELF = YES;
				CLANG_WARN_OBJC_LITERAL_CONVERSION = YES;
				CLANG_WARN_OBJC_ROOT_CLASS = YES_ERROR;
				CLANG_WARN_QUOTED_INCLUDE_IN_FRAMEWORK_HEADER = YES;
				CLANG_WARN_RANGE_LOOP_ANALYSIS = YES;
				CLANG_WARN_STRICT_PROTOTYPES = YES;
				CLANG_WARN_SUSPICIOUS_MOVE = YES;
				CLANG_WARN_UNGUARDED_AVAILABILITY = YES_AGGRESSIVE;
				CLANG_WARN_UNREACHABLE_CODE = YES;
				CLANG_WARN__DUPLICATE_METHOD_MATCH = YES;
				COPY_PHASE_STRIP = NO;
				DEAD_CODE_STRIPPING = YES;
				DEBUG_INFORMATION_FORMAT = "dwarf-with-dsym";
				DEVELOPMENT_TEAM = 3XKM749Y3L;
				ENABLE_NS_ASSERTIONS = NO;
				ENABLE_STRICT_OBJC_MSGSEND = YES;
				ENABLE_USER_SCRIPT_SANDBOXING = YES;
				GCC_C_LANGUAGE_STANDARD = gnu11;
				GCC_NO_COMMON_BLOCKS = YES;
				GCC_WARN_64_TO_32_BIT_CONVERSION = YES;
				GCC_WARN_ABOUT_RETURN_TYPE = YES_ERROR;
				GCC_WARN_UNDECLARED_SELECTOR = YES;
				GCC_WARN_UNINITIALIZED_AUTOS = YES_AGGRESSIVE;
				GCC_WARN_UNUSED_FUNCTION = YES;
				GCC_WARN_UNUSED_VARIABLE = YES;
				IPHONEOS_DEPLOYMENT_TARGET = 16.0;
				LOCALIZED_STRING_SWIFTUI_SUPPORT = YES;
				MACOSX_DEPLOYMENT_TARGET = 13.0;
				MTL_ENABLE_DEBUG_INFO = NO;
				MTL_FAST_MATH = YES;
				SWIFT_COMPILATION_MODE = wholemodule;
				SWIFT_EMIT_LOC_STRINGS = YES;
				SWIFT_OPTIMIZATION_LEVEL = "-O";
			};
			name = "App Store";
		};
		3963A0A52C6D12D400472AE7 /* App Store */ = {
			isa = XCBuildConfiguration;
			buildSettings = {
				ASSETCATALOG_COMPILER_APPICON_NAME = AppIcon;
				ASSETCATALOG_COMPILER_GLOBAL_ACCENT_COLOR_NAME = AccentColor;
				CODE_SIGN_ENTITLEMENTS = ExcalidrawZ/ExcalidrawZ.entitlements;
				"CODE_SIGN_IDENTITY[sdk=macosx*]" = "Apple Development";
				CODE_SIGN_STYLE = Automatic;
				CURRENT_PROJECT_VERSION = 49;
				DEAD_CODE_STRIPPING = YES;
				DEVELOPMENT_ASSET_PATHS = "\"ExcalidrawZ/Preview Content\"";
				ENABLE_HARDENED_RUNTIME = YES;
				ENABLE_PREVIEWS = YES;
				GENERATE_INFOPLIST_FILE = YES;
				INFOPLIST_FILE = "ExcalidrawZ/AppStore-Info.plist";
				INFOPLIST_KEY_CFBundleDisplayName = ExcalidrawZ;
				INFOPLIST_KEY_LSApplicationCategoryType = "public.app-category.productivity";
				INFOPLIST_KEY_NSCameraUsageDescription = "ExcalidrawZ wants to use your camera for excalidraw image input.";
				"INFOPLIST_KEY_UIApplicationSceneManifest_Generation[sdk=iphoneos*]" = YES;
				"INFOPLIST_KEY_UIApplicationSceneManifest_Generation[sdk=iphonesimulator*]" = YES;
				"INFOPLIST_KEY_UIApplicationSupportsIndirectInputEvents[sdk=iphoneos*]" = YES;
				"INFOPLIST_KEY_UIApplicationSupportsIndirectInputEvents[sdk=iphonesimulator*]" = YES;
				"INFOPLIST_KEY_UILaunchScreen_Generation[sdk=iphoneos*]" = YES;
				"INFOPLIST_KEY_UILaunchScreen_Generation[sdk=iphonesimulator*]" = YES;
				"INFOPLIST_KEY_UIStatusBarStyle[sdk=iphoneos*]" = UIStatusBarStyleDefault;
				"INFOPLIST_KEY_UIStatusBarStyle[sdk=iphonesimulator*]" = UIStatusBarStyleDefault;
				INFOPLIST_KEY_UISupportedInterfaceOrientations_iPad = "UIInterfaceOrientationPortrait UIInterfaceOrientationPortraitUpsideDown UIInterfaceOrientationLandscapeLeft UIInterfaceOrientationLandscapeRight";
				INFOPLIST_KEY_UISupportedInterfaceOrientations_iPhone = "UIInterfaceOrientationPortrait UIInterfaceOrientationLandscapeLeft UIInterfaceOrientationLandscapeRight";
				IPHONEOS_DEPLOYMENT_TARGET = 16.0;
				LD_RUNPATH_SEARCH_PATHS = "@executable_path/Frameworks";
				"LD_RUNPATH_SEARCH_PATHS[sdk=macosx*]" = "@executable_path/../Frameworks";
				LOCALIZED_STRING_SWIFTUI_SUPPORT = NO;
				MACOSX_DEPLOYMENT_TARGET = 12.0;
				MARKETING_VERSION = 1.5.1;
				PRODUCT_BUNDLE_IDENTIFIER = com.chocoford.excalidraw;
				PRODUCT_NAME = ExcalidrawZ;
				SDKROOT = auto;
				SUPPORTED_PLATFORMS = "iphoneos iphonesimulator macosx";
				SWIFT_ACTIVE_COMPILATION_CONDITIONS = APP_STORE;
				SWIFT_EMIT_LOC_STRINGS = NO;
				SWIFT_VERSION = 5.0;
				TARGETED_DEVICE_FAMILY = "1,2";
			};
			name = "App Store";
		};
		3963A0A62C6D12D400472AE7 /* App Store */ = {
			isa = XCBuildConfiguration;
			buildSettings = {
				ASSETCATALOG_COMPILER_APPICON_NAME = AppIcon;
				ASSETCATALOG_COMPILER_GLOBAL_ACCENT_COLOR_NAME = AccentColor;
				CODE_SIGN_ENTITLEMENTS = ExcalidrawZ/ExcalidrawZ.entitlements;
				"CODE_SIGN_IDENTITY[sdk=macosx*]" = "Apple Development";
				CODE_SIGN_STYLE = Automatic;
				CURRENT_PROJECT_VERSION = 49;
				DEAD_CODE_STRIPPING = YES;
				DEVELOPMENT_ASSET_PATHS = "\"ExcalidrawZ/Preview Content\"";
				ENABLE_HARDENED_RUNTIME = YES;
				ENABLE_PREVIEWS = YES;
				GENERATE_INFOPLIST_FILE = YES;
				INFOPLIST_FILE = ExcalidrawZ/Info.plist;
				INFOPLIST_KEY_CFBundleDisplayName = ExcalidrawZ;
				INFOPLIST_KEY_LSApplicationCategoryType = "public.app-category.productivity";
				INFOPLIST_KEY_LSSupportsOpeningDocumentsInPlace = YES;
				INFOPLIST_KEY_NSCameraUsageDescription = "ExcalidrawZ wants to use your camera for excalidraw image input.";
				"INFOPLIST_KEY_UIApplicationSceneManifest_Generation[sdk=iphoneos*]" = YES;
				"INFOPLIST_KEY_UIApplicationSceneManifest_Generation[sdk=iphonesimulator*]" = YES;
				"INFOPLIST_KEY_UIApplicationSupportsIndirectInputEvents[sdk=iphoneos*]" = YES;
				"INFOPLIST_KEY_UIApplicationSupportsIndirectInputEvents[sdk=iphonesimulator*]" = YES;
				"INFOPLIST_KEY_UILaunchScreen_Generation[sdk=iphoneos*]" = YES;
				"INFOPLIST_KEY_UILaunchScreen_Generation[sdk=iphonesimulator*]" = YES;
				"INFOPLIST_KEY_UIStatusBarStyle[sdk=iphoneos*]" = UIStatusBarStyleDefault;
				"INFOPLIST_KEY_UIStatusBarStyle[sdk=iphonesimulator*]" = UIStatusBarStyleDefault;
				INFOPLIST_KEY_UISupportedInterfaceOrientations_iPad = "UIInterfaceOrientationPortrait UIInterfaceOrientationPortraitUpsideDown UIInterfaceOrientationLandscapeLeft UIInterfaceOrientationLandscapeRight";
				INFOPLIST_KEY_UISupportedInterfaceOrientations_iPhone = "UIInterfaceOrientationPortrait UIInterfaceOrientationLandscapeLeft UIInterfaceOrientationLandscapeRight";
				IPHONEOS_DEPLOYMENT_TARGET = 16.0;
				LD_RUNPATH_SEARCH_PATHS = "@executable_path/Frameworks";
				"LD_RUNPATH_SEARCH_PATHS[sdk=macosx*]" = "@executable_path/../Frameworks";
				LOCALIZED_STRING_SWIFTUI_SUPPORT = NO;
				MACOSX_DEPLOYMENT_TARGET = 12.0;
				MARKETING_VERSION = 1.5.1;
				PRODUCT_BUNDLE_IDENTIFIER = com.chocoford.excalidraw;
				PRODUCT_NAME = ExcalidrawZ;
				SDKROOT = auto;
				SUPPORTED_PLATFORMS = "iphoneos iphonesimulator macosx";
				SWIFT_ACTIVE_COMPILATION_CONDITIONS = APP_STORE;
				SWIFT_EMIT_LOC_STRINGS = NO;
				SWIFT_VERSION = 5.0;
				TARGETED_DEVICE_FAMILY = "1,2";
			};
			name = "App Store";
		};
		3963A0A72C6D12D400472AE7 /* App Store */ = {
			isa = XCBuildConfiguration;
			buildSettings = {
				BUNDLE_LOADER = "$(TEST_HOST)";
				CODE_SIGN_STYLE = Automatic;
				CURRENT_PROJECT_VERSION = 1;
				DEAD_CODE_STRIPPING = YES;
				GENERATE_INFOPLIST_FILE = YES;
				IPHONEOS_DEPLOYMENT_TARGET = 16.2;
				MACOSX_DEPLOYMENT_TARGET = 13.0;
				MARKETING_VERSION = 1.0;
				PRODUCT_BUNDLE_IDENTIFIER = com.chocoford.ExcalidrawZTests;
				PRODUCT_NAME = "$(TARGET_NAME)";
				SDKROOT = auto;
				SUPPORTED_PLATFORMS = "iphoneos iphonesimulator macosx";
				SWIFT_EMIT_LOC_STRINGS = NO;
				SWIFT_VERSION = 5.0;
				TARGETED_DEVICE_FAMILY = "1,2";
				TEST_HOST = "$(BUILT_PRODUCTS_DIR)/ExcalidrawZ.app/$(BUNDLE_EXECUTABLE_FOLDER_PATH)/ExcalidrawZ";
			};
			name = "App Store";
		};
		3963A0A82C6D12D400472AE7 /* App Store */ = {
			isa = XCBuildConfiguration;
			buildSettings = {
				CODE_SIGN_STYLE = Automatic;
				CURRENT_PROJECT_VERSION = 1;
				DEAD_CODE_STRIPPING = YES;
				GENERATE_INFOPLIST_FILE = YES;
				IPHONEOS_DEPLOYMENT_TARGET = 16.2;
				MACOSX_DEPLOYMENT_TARGET = 13.0;
				MARKETING_VERSION = 1.0;
				PRODUCT_BUNDLE_IDENTIFIER = com.chocoford.ExcalidrawZUITests;
				PRODUCT_NAME = "$(TARGET_NAME)";
				SDKROOT = auto;
				SUPPORTED_PLATFORMS = "iphoneos iphonesimulator macosx";
				SWIFT_EMIT_LOC_STRINGS = NO;
				SWIFT_VERSION = 5.0;
				TARGETED_DEVICE_FAMILY = "1,2";
				TEST_TARGET_NAME = ExcaliDrawZ;
			};
			name = "App Store";
		};
		397E4676295838D0003B824B /* Debug */ = {
			isa = XCBuildConfiguration;
			baseConfigurationReference = 500E089B2CF1BFB600392CC2 /* Project.xcconfig */;
			buildSettings = {
				ALWAYS_SEARCH_USER_PATHS = NO;
				ASSETCATALOG_COMPILER_GENERATE_SWIFT_ASSET_SYMBOL_EXTENSIONS = YES;
				CLANG_ANALYZER_LOCALIZABILITY_NONLOCALIZED = YES;
				CLANG_ANALYZER_NONNULL = YES;
				CLANG_ANALYZER_NUMBER_OBJECT_CONVERSION = YES_AGGRESSIVE;
				CLANG_CXX_LANGUAGE_STANDARD = "gnu++20";
				CLANG_ENABLE_MODULES = YES;
				CLANG_ENABLE_OBJC_ARC = YES;
				CLANG_ENABLE_OBJC_WEAK = YES;
				CLANG_WARN_BLOCK_CAPTURE_AUTORELEASING = YES;
				CLANG_WARN_BOOL_CONVERSION = YES;
				CLANG_WARN_COMMA = YES;
				CLANG_WARN_CONSTANT_CONVERSION = YES;
				CLANG_WARN_DEPRECATED_OBJC_IMPLEMENTATIONS = YES;
				CLANG_WARN_DIRECT_OBJC_ISA_USAGE = YES_ERROR;
				CLANG_WARN_DOCUMENTATION_COMMENTS = YES;
				CLANG_WARN_EMPTY_BODY = YES;
				CLANG_WARN_ENUM_CONVERSION = YES;
				CLANG_WARN_INFINITE_RECURSION = YES;
				CLANG_WARN_INT_CONVERSION = YES;
				CLANG_WARN_NON_LITERAL_NULL_CONVERSION = YES;
				CLANG_WARN_OBJC_IMPLICIT_RETAIN_SELF = YES;
				CLANG_WARN_OBJC_LITERAL_CONVERSION = YES;
				CLANG_WARN_OBJC_ROOT_CLASS = YES_ERROR;
				CLANG_WARN_QUOTED_INCLUDE_IN_FRAMEWORK_HEADER = YES;
				CLANG_WARN_RANGE_LOOP_ANALYSIS = YES;
				CLANG_WARN_STRICT_PROTOTYPES = YES;
				CLANG_WARN_SUSPICIOUS_MOVE = YES;
				CLANG_WARN_UNGUARDED_AVAILABILITY = YES_AGGRESSIVE;
				CLANG_WARN_UNREACHABLE_CODE = YES;
				CLANG_WARN__DUPLICATE_METHOD_MATCH = YES;
				COPY_PHASE_STRIP = NO;
				DEAD_CODE_STRIPPING = YES;
				DEBUG_INFORMATION_FORMAT = dwarf;
				DEVELOPMENT_TEAM = 3XKM749Y3L;
				ENABLE_STRICT_OBJC_MSGSEND = YES;
				ENABLE_TESTABILITY = YES;
				ENABLE_USER_SCRIPT_SANDBOXING = YES;
				GCC_C_LANGUAGE_STANDARD = gnu11;
				GCC_DYNAMIC_NO_PIC = NO;
				GCC_NO_COMMON_BLOCKS = YES;
				GCC_OPTIMIZATION_LEVEL = 0;
				GCC_PREPROCESSOR_DEFINITIONS = (
					"DEBUG=1",
					"$(inherited)",
				);
				GCC_WARN_64_TO_32_BIT_CONVERSION = YES;
				GCC_WARN_ABOUT_RETURN_TYPE = YES_ERROR;
				GCC_WARN_UNDECLARED_SELECTOR = YES;
				GCC_WARN_UNINITIALIZED_AUTOS = YES_AGGRESSIVE;
				GCC_WARN_UNUSED_FUNCTION = YES;
				GCC_WARN_UNUSED_VARIABLE = YES;
				IPHONEOS_DEPLOYMENT_TARGET = 16.0;
				LOCALIZED_STRING_SWIFTUI_SUPPORT = YES;
				MACOSX_DEPLOYMENT_TARGET = 13.0;
				MTL_ENABLE_DEBUG_INFO = INCLUDE_SOURCE;
				MTL_FAST_MATH = YES;
				ONLY_ACTIVE_ARCH = YES;
				SWIFT_ACTIVE_COMPILATION_CONDITIONS = DEBUG;
				SWIFT_EMIT_LOC_STRINGS = YES;
				SWIFT_OPTIMIZATION_LEVEL = "-Onone";
			};
			name = Debug;
		};
		397E4677295838D0003B824B /* Release */ = {
			isa = XCBuildConfiguration;
			baseConfigurationReference = 500E089B2CF1BFB600392CC2 /* Project.xcconfig */;
			buildSettings = {
				ALWAYS_SEARCH_USER_PATHS = NO;
				ASSETCATALOG_COMPILER_GENERATE_SWIFT_ASSET_SYMBOL_EXTENSIONS = YES;
				CLANG_ANALYZER_LOCALIZABILITY_NONLOCALIZED = YES;
				CLANG_ANALYZER_NONNULL = YES;
				CLANG_ANALYZER_NUMBER_OBJECT_CONVERSION = YES_AGGRESSIVE;
				CLANG_CXX_LANGUAGE_STANDARD = "gnu++20";
				CLANG_ENABLE_MODULES = YES;
				CLANG_ENABLE_OBJC_ARC = YES;
				CLANG_ENABLE_OBJC_WEAK = YES;
				CLANG_WARN_BLOCK_CAPTURE_AUTORELEASING = YES;
				CLANG_WARN_BOOL_CONVERSION = YES;
				CLANG_WARN_COMMA = YES;
				CLANG_WARN_CONSTANT_CONVERSION = YES;
				CLANG_WARN_DEPRECATED_OBJC_IMPLEMENTATIONS = YES;
				CLANG_WARN_DIRECT_OBJC_ISA_USAGE = YES_ERROR;
				CLANG_WARN_DOCUMENTATION_COMMENTS = YES;
				CLANG_WARN_EMPTY_BODY = YES;
				CLANG_WARN_ENUM_CONVERSION = YES;
				CLANG_WARN_INFINITE_RECURSION = YES;
				CLANG_WARN_INT_CONVERSION = YES;
				CLANG_WARN_NON_LITERAL_NULL_CONVERSION = YES;
				CLANG_WARN_OBJC_IMPLICIT_RETAIN_SELF = YES;
				CLANG_WARN_OBJC_LITERAL_CONVERSION = YES;
				CLANG_WARN_OBJC_ROOT_CLASS = YES_ERROR;
				CLANG_WARN_QUOTED_INCLUDE_IN_FRAMEWORK_HEADER = YES;
				CLANG_WARN_RANGE_LOOP_ANALYSIS = YES;
				CLANG_WARN_STRICT_PROTOTYPES = YES;
				CLANG_WARN_SUSPICIOUS_MOVE = YES;
				CLANG_WARN_UNGUARDED_AVAILABILITY = YES_AGGRESSIVE;
				CLANG_WARN_UNREACHABLE_CODE = YES;
				CLANG_WARN__DUPLICATE_METHOD_MATCH = YES;
				COPY_PHASE_STRIP = NO;
				DEAD_CODE_STRIPPING = YES;
				DEBUG_INFORMATION_FORMAT = "dwarf-with-dsym";
				DEVELOPMENT_TEAM = 3XKM749Y3L;
				ENABLE_NS_ASSERTIONS = NO;
				ENABLE_STRICT_OBJC_MSGSEND = YES;
				ENABLE_USER_SCRIPT_SANDBOXING = YES;
				GCC_C_LANGUAGE_STANDARD = gnu11;
				GCC_NO_COMMON_BLOCKS = YES;
				GCC_WARN_64_TO_32_BIT_CONVERSION = YES;
				GCC_WARN_ABOUT_RETURN_TYPE = YES_ERROR;
				GCC_WARN_UNDECLARED_SELECTOR = YES;
				GCC_WARN_UNINITIALIZED_AUTOS = YES_AGGRESSIVE;
				GCC_WARN_UNUSED_FUNCTION = YES;
				GCC_WARN_UNUSED_VARIABLE = YES;
				IPHONEOS_DEPLOYMENT_TARGET = 16.0;
				LOCALIZED_STRING_SWIFTUI_SUPPORT = YES;
				MACOSX_DEPLOYMENT_TARGET = 13.0;
				MTL_ENABLE_DEBUG_INFO = NO;
				MTL_FAST_MATH = YES;
				SWIFT_COMPILATION_MODE = wholemodule;
				SWIFT_EMIT_LOC_STRINGS = YES;
				SWIFT_OPTIMIZATION_LEVEL = "-O";
			};
			name = Release;
		};
		397E4679295838D0003B824B /* Debug */ = {
			isa = XCBuildConfiguration;
			buildSettings = {
				ASSETCATALOG_COMPILER_APPICON_NAME = AppIcon;
				ASSETCATALOG_COMPILER_GLOBAL_ACCENT_COLOR_NAME = AccentColor;
				CODE_SIGN_ENTITLEMENTS = ExcalidrawZ/ExcalidrawZ.entitlements;
				"CODE_SIGN_IDENTITY[sdk=macosx*]" = "Apple Development";
				CODE_SIGN_STYLE = Automatic;
				CURRENT_PROJECT_VERSION = 49;
				DEAD_CODE_STRIPPING = YES;
				DEVELOPMENT_ASSET_PATHS = "\"ExcalidrawZ/Preview Content\"";
				ENABLE_HARDENED_RUNTIME = YES;
				ENABLE_PREVIEWS = YES;
				GENERATE_INFOPLIST_FILE = YES;
				INFOPLIST_FILE = ExcalidrawZ/Info.plist;
				INFOPLIST_KEY_CFBundleDisplayName = "ExcalidrawZ-Debug";
				INFOPLIST_KEY_LSApplicationCategoryType = "public.app-category.productivity";
				INFOPLIST_KEY_LSSupportsOpeningDocumentsInPlace = YES;
				INFOPLIST_KEY_NSCameraUsageDescription = "ExcalidrawZ wants to use your camera for excalidraw image input.";
				"INFOPLIST_KEY_UIApplicationSceneManifest_Generation[sdk=iphoneos*]" = YES;
				"INFOPLIST_KEY_UIApplicationSceneManifest_Generation[sdk=iphonesimulator*]" = YES;
				"INFOPLIST_KEY_UIApplicationSupportsIndirectInputEvents[sdk=iphoneos*]" = YES;
				"INFOPLIST_KEY_UIApplicationSupportsIndirectInputEvents[sdk=iphonesimulator*]" = YES;
				"INFOPLIST_KEY_UILaunchScreen_Generation[sdk=iphoneos*]" = YES;
				"INFOPLIST_KEY_UILaunchScreen_Generation[sdk=iphonesimulator*]" = YES;
				"INFOPLIST_KEY_UIStatusBarStyle[sdk=iphoneos*]" = UIStatusBarStyleDefault;
				"INFOPLIST_KEY_UIStatusBarStyle[sdk=iphonesimulator*]" = UIStatusBarStyleDefault;
				INFOPLIST_KEY_UISupportedInterfaceOrientations_iPad = "UIInterfaceOrientationPortrait UIInterfaceOrientationPortraitUpsideDown UIInterfaceOrientationLandscapeLeft UIInterfaceOrientationLandscapeRight";
				INFOPLIST_KEY_UISupportedInterfaceOrientations_iPhone = "UIInterfaceOrientationPortrait UIInterfaceOrientationLandscapeLeft UIInterfaceOrientationLandscapeRight";
				IPHONEOS_DEPLOYMENT_TARGET = 16.0;
				LD_RUNPATH_SEARCH_PATHS = "@executable_path/Frameworks";
				"LD_RUNPATH_SEARCH_PATHS[sdk=macosx*]" = "@executable_path/../Frameworks";
				LOCALIZED_STRING_SWIFTUI_SUPPORT = NO;
				MACOSX_DEPLOYMENT_TARGET = 12.0;
				MARKETING_VERSION = 1.5.1;
				PRODUCT_BUNDLE_IDENTIFIER = "com.chocoford.excalidraw-Debug";
				PRODUCT_NAME = ExcalidrawZ;
				SDKROOT = auto;
				SUPPORTED_PLATFORMS = "iphoneos iphonesimulator macosx";
				SWIFT_EMIT_LOC_STRINGS = NO;
				SWIFT_VERSION = 5.0;
				TARGETED_DEVICE_FAMILY = "1,2";
			};
			name = Debug;
		};
		397E467A295838D0003B824B /* Release */ = {
			isa = XCBuildConfiguration;
			buildSettings = {
				ASSETCATALOG_COMPILER_APPICON_NAME = AppIcon;
				ASSETCATALOG_COMPILER_GLOBAL_ACCENT_COLOR_NAME = AccentColor;
				CODE_SIGN_ENTITLEMENTS = ExcalidrawZ/ExcalidrawZ.entitlements;
				"CODE_SIGN_IDENTITY[sdk=macosx*]" = "Apple Development";
				CODE_SIGN_STYLE = Automatic;
				CURRENT_PROJECT_VERSION = 49;
				DEAD_CODE_STRIPPING = YES;
				DEVELOPMENT_ASSET_PATHS = "\"ExcalidrawZ/Preview Content\"";
				ENABLE_HARDENED_RUNTIME = YES;
				ENABLE_PREVIEWS = YES;
				GENERATE_INFOPLIST_FILE = YES;
				INFOPLIST_FILE = ExcalidrawZ/Info.plist;
				INFOPLIST_KEY_CFBundleDisplayName = ExcalidrawZ;
				INFOPLIST_KEY_LSApplicationCategoryType = "public.app-category.productivity";
				INFOPLIST_KEY_LSSupportsOpeningDocumentsInPlace = YES;
				INFOPLIST_KEY_NSCameraUsageDescription = "ExcalidrawZ wants to use your camera for excalidraw image input.";
				"INFOPLIST_KEY_UIApplicationSceneManifest_Generation[sdk=iphoneos*]" = YES;
				"INFOPLIST_KEY_UIApplicationSceneManifest_Generation[sdk=iphonesimulator*]" = YES;
				"INFOPLIST_KEY_UIApplicationSupportsIndirectInputEvents[sdk=iphoneos*]" = YES;
				"INFOPLIST_KEY_UIApplicationSupportsIndirectInputEvents[sdk=iphonesimulator*]" = YES;
				"INFOPLIST_KEY_UILaunchScreen_Generation[sdk=iphoneos*]" = YES;
				"INFOPLIST_KEY_UILaunchScreen_Generation[sdk=iphonesimulator*]" = YES;
				"INFOPLIST_KEY_UIStatusBarStyle[sdk=iphoneos*]" = UIStatusBarStyleDefault;
				"INFOPLIST_KEY_UIStatusBarStyle[sdk=iphonesimulator*]" = UIStatusBarStyleDefault;
				INFOPLIST_KEY_UISupportedInterfaceOrientations_iPad = "UIInterfaceOrientationPortrait UIInterfaceOrientationPortraitUpsideDown UIInterfaceOrientationLandscapeLeft UIInterfaceOrientationLandscapeRight";
				INFOPLIST_KEY_UISupportedInterfaceOrientations_iPhone = "UIInterfaceOrientationPortrait UIInterfaceOrientationLandscapeLeft UIInterfaceOrientationLandscapeRight";
				IPHONEOS_DEPLOYMENT_TARGET = 16.0;
				LD_RUNPATH_SEARCH_PATHS = "@executable_path/Frameworks";
				"LD_RUNPATH_SEARCH_PATHS[sdk=macosx*]" = "@executable_path/../Frameworks";
				LOCALIZED_STRING_SWIFTUI_SUPPORT = NO;
				MACOSX_DEPLOYMENT_TARGET = 12.0;
				MARKETING_VERSION = 1.5.1;
				PRODUCT_BUNDLE_IDENTIFIER = com.chocoford.excalidraw;
				PRODUCT_NAME = ExcalidrawZ;
				SDKROOT = auto;
				SUPPORTED_PLATFORMS = "iphoneos iphonesimulator macosx";
				SWIFT_EMIT_LOC_STRINGS = NO;
				SWIFT_VERSION = 5.0;
				TARGETED_DEVICE_FAMILY = "1,2";
			};
			name = Release;
		};
		397E467C295838D0003B824B /* Debug */ = {
			isa = XCBuildConfiguration;
			buildSettings = {
				BUNDLE_LOADER = "$(TEST_HOST)";
				CODE_SIGN_STYLE = Automatic;
				CURRENT_PROJECT_VERSION = 1;
				DEAD_CODE_STRIPPING = YES;
				GENERATE_INFOPLIST_FILE = YES;
				IPHONEOS_DEPLOYMENT_TARGET = 16.2;
				MACOSX_DEPLOYMENT_TARGET = 13.0;
				MARKETING_VERSION = 1.0;
				PRODUCT_BUNDLE_IDENTIFIER = com.chocoford.ExcalidrawZTests;
				PRODUCT_NAME = "$(TARGET_NAME)";
				SDKROOT = auto;
				SUPPORTED_PLATFORMS = "iphoneos iphonesimulator macosx";
				SWIFT_EMIT_LOC_STRINGS = NO;
				SWIFT_VERSION = 5.0;
				TARGETED_DEVICE_FAMILY = "1,2";
				TEST_HOST = "$(BUILT_PRODUCTS_DIR)/ExcalidrawZ.app/$(BUNDLE_EXECUTABLE_FOLDER_PATH)/ExcalidrawZ";
			};
			name = Debug;
		};
		397E467D295838D0003B824B /* Release */ = {
			isa = XCBuildConfiguration;
			buildSettings = {
				BUNDLE_LOADER = "$(TEST_HOST)";
				CODE_SIGN_STYLE = Automatic;
				CURRENT_PROJECT_VERSION = 1;
				DEAD_CODE_STRIPPING = YES;
				GENERATE_INFOPLIST_FILE = YES;
				IPHONEOS_DEPLOYMENT_TARGET = 16.2;
				MACOSX_DEPLOYMENT_TARGET = 13.0;
				MARKETING_VERSION = 1.0;
				PRODUCT_BUNDLE_IDENTIFIER = com.chocoford.ExcalidrawZTests;
				PRODUCT_NAME = "$(TARGET_NAME)";
				SDKROOT = auto;
				SUPPORTED_PLATFORMS = "iphoneos iphonesimulator macosx";
				SWIFT_EMIT_LOC_STRINGS = NO;
				SWIFT_VERSION = 5.0;
				TARGETED_DEVICE_FAMILY = "1,2";
				TEST_HOST = "$(BUILT_PRODUCTS_DIR)/ExcalidrawZ.app/$(BUNDLE_EXECUTABLE_FOLDER_PATH)/ExcalidrawZ";
			};
			name = Release;
		};
		397E467F295838D0003B824B /* Debug */ = {
			isa = XCBuildConfiguration;
			buildSettings = {
				CODE_SIGN_STYLE = Automatic;
				CURRENT_PROJECT_VERSION = 1;
				DEAD_CODE_STRIPPING = YES;
				GENERATE_INFOPLIST_FILE = YES;
				IPHONEOS_DEPLOYMENT_TARGET = 16.2;
				MACOSX_DEPLOYMENT_TARGET = 13.0;
				MARKETING_VERSION = 1.0;
				PRODUCT_BUNDLE_IDENTIFIER = com.chocoford.ExcalidrawZUITests;
				PRODUCT_NAME = "$(TARGET_NAME)";
				SDKROOT = auto;
				SUPPORTED_PLATFORMS = "iphoneos iphonesimulator macosx";
				SWIFT_EMIT_LOC_STRINGS = NO;
				SWIFT_VERSION = 5.0;
				TARGETED_DEVICE_FAMILY = "1,2";
				TEST_TARGET_NAME = ExcaliDrawZ;
			};
			name = Debug;
		};
		397E4680295838D0003B824B /* Release */ = {
			isa = XCBuildConfiguration;
			buildSettings = {
				CODE_SIGN_STYLE = Automatic;
				CURRENT_PROJECT_VERSION = 1;
				DEAD_CODE_STRIPPING = YES;
				GENERATE_INFOPLIST_FILE = YES;
				IPHONEOS_DEPLOYMENT_TARGET = 16.2;
				MACOSX_DEPLOYMENT_TARGET = 13.0;
				MARKETING_VERSION = 1.0;
				PRODUCT_BUNDLE_IDENTIFIER = com.chocoford.ExcalidrawZUITests;
				PRODUCT_NAME = "$(TARGET_NAME)";
				SDKROOT = auto;
				SUPPORTED_PLATFORMS = "iphoneos iphonesimulator macosx";
				SWIFT_EMIT_LOC_STRINGS = NO;
				SWIFT_VERSION = 5.0;
				TARGETED_DEVICE_FAMILY = "1,2";
				TEST_TARGET_NAME = ExcaliDrawZ;
			};
			name = Release;
		};
		3987A5172CB54B200054D7D5 /* Debug */ = {
			isa = XCBuildConfiguration;
			buildSettings = {
				CODE_SIGN_ENTITLEMENTS = QuickLookPreviewExtension/QuickLookPreviewExtension.entitlements;
				CODE_SIGN_STYLE = Automatic;
				CURRENT_PROJECT_VERSION = 49;
				ENABLE_HARDENED_RUNTIME = YES;
				GCC_C_LANGUAGE_STANDARD = gnu17;
				GENERATE_INFOPLIST_FILE = YES;
				INFOPLIST_FILE = QuickLookPreviewExtension/Info.plist;
				INFOPLIST_KEY_CFBundleDisplayName = QuickLookPreviewExtension;
				INFOPLIST_KEY_NSHumanReadableCopyright = "";
				LD_RUNPATH_SEARCH_PATHS = (
					"$(inherited)",
					"@executable_path/../Frameworks",
					"@executable_path/../../../../Frameworks",
				);
				LOCALIZATION_PREFERS_STRING_CATALOGS = YES;
				MACOSX_DEPLOYMENT_TARGET = 12.0;
				MARKETING_VERSION = 1.5.1;
				PRODUCT_BUNDLE_IDENTIFIER = "com.chocoford.excalidraw-Debug.QuickLookPreviewExtension";
				PRODUCT_NAME = "$(TARGET_NAME)";
				SDKROOT = macosx;
				SKIP_INSTALL = YES;
				SUPPORTED_PLATFORMS = "iphoneos iphonesimulator macosx";
				SUPPORTS_MACCATALYST = NO;
				SWIFT_ACTIVE_COMPILATION_CONDITIONS = "DEBUG $(inherited)";
				SWIFT_EMIT_LOC_STRINGS = YES;
				SWIFT_VERSION = 5.0;
				TARGETED_DEVICE_FAMILY = "1,2";
			};
			name = Debug;
		};
		3987A5182CB54B200054D7D5 /* Release */ = {
			isa = XCBuildConfiguration;
			buildSettings = {
				CODE_SIGN_ENTITLEMENTS = QuickLookPreviewExtension/QuickLookPreviewExtension.entitlements;
				CODE_SIGN_STYLE = Automatic;
				CURRENT_PROJECT_VERSION = 49;
				ENABLE_HARDENED_RUNTIME = YES;
				GCC_C_LANGUAGE_STANDARD = gnu17;
				GENERATE_INFOPLIST_FILE = YES;
				INFOPLIST_FILE = QuickLookPreviewExtension/Info.plist;
				INFOPLIST_KEY_CFBundleDisplayName = QuickLookPreviewExtension;
				INFOPLIST_KEY_NSHumanReadableCopyright = "";
				LD_RUNPATH_SEARCH_PATHS = (
					"$(inherited)",
					"@executable_path/../Frameworks",
					"@executable_path/../../../../Frameworks",
				);
				LOCALIZATION_PREFERS_STRING_CATALOGS = YES;
				MACOSX_DEPLOYMENT_TARGET = 12.0;
				MARKETING_VERSION = 1.5.1;
				PRODUCT_BUNDLE_IDENTIFIER = com.chocoford.excalidraw.QuickLookPreviewExtension;
				PRODUCT_NAME = "$(TARGET_NAME)";
				SDKROOT = macosx;
				SKIP_INSTALL = YES;
				SUPPORTED_PLATFORMS = "iphoneos iphonesimulator macosx";
				SUPPORTS_MACCATALYST = NO;
				SWIFT_EMIT_LOC_STRINGS = YES;
				SWIFT_VERSION = 5.0;
				TARGETED_DEVICE_FAMILY = "1,2";
			};
			name = Release;
		};
		3987A5192CB54B200054D7D5 /* App Store */ = {
			isa = XCBuildConfiguration;
			buildSettings = {
				CODE_SIGN_ENTITLEMENTS = QuickLookPreviewExtension/QuickLookPreviewExtension.entitlements;
				CODE_SIGN_STYLE = Automatic;
				CURRENT_PROJECT_VERSION = 49;
				ENABLE_HARDENED_RUNTIME = YES;
				GCC_C_LANGUAGE_STANDARD = gnu17;
				GENERATE_INFOPLIST_FILE = YES;
				INFOPLIST_FILE = QuickLookPreviewExtension/Info.plist;
				INFOPLIST_KEY_CFBundleDisplayName = QuickLookPreviewExtension;
				INFOPLIST_KEY_NSHumanReadableCopyright = "";
				LD_RUNPATH_SEARCH_PATHS = (
					"$(inherited)",
					"@executable_path/../Frameworks",
					"@executable_path/../../../../Frameworks",
				);
				LOCALIZATION_PREFERS_STRING_CATALOGS = YES;
				MACOSX_DEPLOYMENT_TARGET = 12.0;
				MARKETING_VERSION = 1.5.1;
				PRODUCT_BUNDLE_IDENTIFIER = com.chocoford.excalidraw.QuickLookPreviewExtension;
				PRODUCT_NAME = "$(TARGET_NAME)";
				SDKROOT = macosx;
				SKIP_INSTALL = YES;
				SUPPORTED_PLATFORMS = "iphoneos iphonesimulator macosx";
				SUPPORTS_MACCATALYST = NO;
				SWIFT_EMIT_LOC_STRINGS = YES;
				SWIFT_VERSION = 5.0;
				TARGETED_DEVICE_FAMILY = "1,2";
			};
			name = "App Store";
		};
/* End XCBuildConfiguration section */

/* Begin XCConfigurationList section */
		3963A07F2C6C7EAA00472AE7 /* Build configuration list for PBXNativeTarget "ExcalidrawZ (AppStore)" */ = {
			isa = XCConfigurationList;
			buildConfigurations = (
				3963A0802C6C7EAA00472AE7 /* Debug */,
				3963A0812C6C7EAA00472AE7 /* Release */,
				3963A0A52C6D12D400472AE7 /* App Store */,
			);
			defaultConfigurationIsVisible = 0;
			defaultConfigurationName = Release;
		};
		397E464E295838CF003B824B /* Build configuration list for PBXProject "ExcalidrawZ" */ = {
			isa = XCConfigurationList;
			buildConfigurations = (
				397E4676295838D0003B824B /* Debug */,
				397E4677295838D0003B824B /* Release */,
				3963A0A42C6D12D400472AE7 /* App Store */,
			);
			defaultConfigurationIsVisible = 0;
			defaultConfigurationName = Release;
		};
		397E4678295838D0003B824B /* Build configuration list for PBXNativeTarget "ExcalidrawZ" */ = {
			isa = XCConfigurationList;
			buildConfigurations = (
				397E4679295838D0003B824B /* Debug */,
				397E467A295838D0003B824B /* Release */,
				3963A0A62C6D12D400472AE7 /* App Store */,
			);
			defaultConfigurationIsVisible = 0;
			defaultConfigurationName = Release;
		};
		397E467B295838D0003B824B /* Build configuration list for PBXNativeTarget "ExcalidrawZTests" */ = {
			isa = XCConfigurationList;
			buildConfigurations = (
				397E467C295838D0003B824B /* Debug */,
				397E467D295838D0003B824B /* Release */,
				3963A0A72C6D12D400472AE7 /* App Store */,
			);
			defaultConfigurationIsVisible = 0;
			defaultConfigurationName = Release;
		};
		397E467E295838D0003B824B /* Build configuration list for PBXNativeTarget "ExcalidrawZUITests" */ = {
			isa = XCConfigurationList;
			buildConfigurations = (
				397E467F295838D0003B824B /* Debug */,
				397E4680295838D0003B824B /* Release */,
				3963A0A82C6D12D400472AE7 /* App Store */,
			);
			defaultConfigurationIsVisible = 0;
			defaultConfigurationName = Release;
		};
		3987A5162CB54B200054D7D5 /* Build configuration list for PBXNativeTarget "QuickLookPreviewExtension" */ = {
			isa = XCConfigurationList;
			buildConfigurations = (
				3987A5172CB54B200054D7D5 /* Debug */,
				3987A5182CB54B200054D7D5 /* Release */,
				3987A5192CB54B200054D7D5 /* App Store */,
			);
			defaultConfigurationIsVisible = 0;
			defaultConfigurationName = Release;
		};
/* End XCConfigurationList section */

/* Begin XCRemoteSwiftPackageReference section */
		390716CF2C6E82CF002D7834 /* XCRemoteSwiftPackageReference "xcstrings-tool-plugin" */ = {
			isa = XCRemoteSwiftPackageReference;
			repositoryURL = "https://github.com/liamnichols/xcstrings-tool-plugin";
			requirement = {
				kind = upToNextMajorVersion;
				minimumVersion = 0.5.2;
			};
		};
		391087702DFFCB900057F493 /* XCRemoteSwiftPackageReference "swift-log" */ = {
			isa = XCRemoteSwiftPackageReference;
			repositoryURL = "https://github.com/apple/swift-log.git";
			requirement = {
				kind = upToNextMajorVersion;
				minimumVersion = 1.6.3;
			};
		};
		3914876B2960AFD00042927A /* XCRemoteSwiftPackageReference "Sparkle" */ = {
			isa = XCRemoteSwiftPackageReference;
			repositoryURL = "https://github.com/sparkle-project/Sparkle.git";
			requirement = {
				kind = upToNextMajorVersion;
				minimumVersion = 2.0.0;
			};
		};
		3963A03C2C6C7EAA00472AE7 /* XCRemoteSwiftPackageReference "ChocofordKit" */ = {
			isa = XCRemoteSwiftPackageReference;
			repositoryURL = "https://github.com/chocoford/ChocofordKit.git";
			requirement = {
				branch = main;
				kind = branch;
			};
		};
		3963A03F2C6C7EAA00472AE7 /* XCRemoteSwiftPackageReference "FlyingFox" */ = {
			isa = XCRemoteSwiftPackageReference;
			repositoryURL = "https://github.com/swhitty/FlyingFox.git";
			requirement = {
				kind = upToNextMajorVersion;
				minimumVersion = 0.15.0;
			};
		};
		3965F20E2D6F60170065A8C8 /* XCRemoteSwiftPackageReference "FSEventsWrapper" */ = {
			isa = XCRemoteSwiftPackageReference;
			repositoryURL = "https://github.com/Frizlab/FSEventsWrapper.git";
			requirement = {
				kind = upToNextMajorVersion;
				minimumVersion = 2.1.0;
			};
		};
		3965F3752D76B4EC0065A8C8 /* XCRemoteSwiftPackageReference "MathJaxSwift" */ = {
			isa = XCRemoteSwiftPackageReference;
			repositoryURL = "https://github.com/colinc86/MathJaxSwift.git";
			requirement = {
				branch = main;
				kind = branch;
			};
		};
		3966623D2C666EC600F863BC /* XCRemoteSwiftPackageReference "FlyingFox" */ = {
			isa = XCRemoteSwiftPackageReference;
			repositoryURL = "https://github.com/swhitty/FlyingFox.git";
			requirement = {
				kind = upToNextMajorVersion;
				minimumVersion = 0.15.0;
			};
		};
		398F14492CF7379C0061CCF9 /* XCRemoteSwiftPackageReference "ChocofordKit" */ = {
			isa = XCRemoteSwiftPackageReference;
			repositoryURL = "https://github.com/chocoford/ChocofordKit.git";
			requirement = {
				branch = main;
				kind = branch;
			};
		};
		398F14512CF738DB0061CCF9 /* XCRemoteSwiftPackageReference "SwiftyAlert" */ = {
			isa = XCRemoteSwiftPackageReference;
			repositoryURL = "https://github.com/chocoford/SwiftyAlert.git";
			requirement = {
				branch = dev;
				kind = branch;
			};
		};
		39BE12EC2CB7DD8C006781D5 /* XCRemoteSwiftPackageReference "Zlib" */ = {
			isa = XCRemoteSwiftPackageReference;
			repositoryURL = "https://github.com/mezhevikin/Zlib.git";
			requirement = {
				kind = upToNextMajorVersion;
				minimumVersion = 0.0.2;
			};
		};
/* End XCRemoteSwiftPackageReference section */

/* Begin XCSwiftPackageProductDependency section */
		390716E12C6F15DE002D7834 /* XCStringsToolPlugin */ = {
			isa = XCSwiftPackageProductDependency;
			package = 390716CF2C6E82CF002D7834 /* XCRemoteSwiftPackageReference "xcstrings-tool-plugin" */;
			productName = "plugin:XCStringsToolPlugin";
		};
		390716E32C6F15E3002D7834 /* XCStringsToolPlugin */ = {
			isa = XCSwiftPackageProductDependency;
			package = 390716CF2C6E82CF002D7834 /* XCRemoteSwiftPackageReference "xcstrings-tool-plugin" */;
			productName = "plugin:XCStringsToolPlugin";
		};
		391087822DFFCC1A0057F493 /* Logging */ = {
			isa = XCSwiftPackageProductDependency;
			package = 391087702DFFCB900057F493 /* XCRemoteSwiftPackageReference "swift-log" */;
			productName = Logging;
		};
		391087892DFFCC200057F493 /* Logging */ = {
			isa = XCSwiftPackageProductDependency;
			package = 391087702DFFCB900057F493 /* XCRemoteSwiftPackageReference "swift-log" */;
			productName = Logging;
		};
		3914876C2960AFD10042927A /* Sparkle */ = {
			isa = XCSwiftPackageProductDependency;
			package = 3914876B2960AFD00042927A /* XCRemoteSwiftPackageReference "Sparkle" */;
			productName = Sparkle;
		};
		3929AB782CA5E4B800C7CCE8 /* ChocofordEssentials */ = {
			isa = XCSwiftPackageProductDependency;
			productName = ChocofordEssentials;
		};
		3929AB7A2CA5E4B800C7CCE8 /* ChocofordUI */ = {
			isa = XCSwiftPackageProductDependency;
			productName = ChocofordUI;
		};
		3930B2F72C512E7B00F14E88 /* ChocofordEssentials */ = {
			isa = XCSwiftPackageProductDependency;
			productName = ChocofordEssentials;
		};
		3930B2F92C512E7B00F14E88 /* ChocofordUI */ = {
			isa = XCSwiftPackageProductDependency;
			productName = ChocofordUI;
		};
		3963A0392C6C7EAA00472AE7 /* ChocofordEssentials */ = {
			isa = XCSwiftPackageProductDependency;
			productName = ChocofordEssentials;
		};
		3963A03A2C6C7EAA00472AE7 /* ChocofordUI */ = {
			isa = XCSwiftPackageProductDependency;
			productName = ChocofordUI;
		};
		3963A03B2C6C7EAA00472AE7 /* ChocofordEssentials */ = {
			isa = XCSwiftPackageProductDependency;
			package = 3963A03C2C6C7EAA00472AE7 /* XCRemoteSwiftPackageReference "ChocofordKit" */;
			productName = ChocofordEssentials;
		};
		3963A03D2C6C7EAA00472AE7 /* ChocofordUI */ = {
			isa = XCSwiftPackageProductDependency;
			package = 3963A03C2C6C7EAA00472AE7 /* XCRemoteSwiftPackageReference "ChocofordKit" */;
			productName = ChocofordUI;
		};
		3963A03E2C6C7EAA00472AE7 /* FlyingFox */ = {
			isa = XCSwiftPackageProductDependency;
			package = 3963A03F2C6C7EAA00472AE7 /* XCRemoteSwiftPackageReference "FlyingFox" */;
			productName = FlyingFox;
		};
		3965F20F2D6F60170065A8C8 /* FSEventsWrapper */ = {
			isa = XCSwiftPackageProductDependency;
			package = 3965F20E2D6F60170065A8C8 /* XCRemoteSwiftPackageReference "FSEventsWrapper" */;
			productName = FSEventsWrapper;
		};
		3965F2112D6F60330065A8C8 /* FSEventsWrapper */ = {
			isa = XCSwiftPackageProductDependency;
			package = 3965F20E2D6F60170065A8C8 /* XCRemoteSwiftPackageReference "FSEventsWrapper" */;
			productName = FSEventsWrapper;
		};
		3965F3762D76B4EC0065A8C8 /* MathJaxSwift */ = {
			isa = XCSwiftPackageProductDependency;
			package = 3965F3752D76B4EC0065A8C8 /* XCRemoteSwiftPackageReference "MathJaxSwift" */;
			productName = MathJaxSwift;
		};
		3965F3782D76B5090065A8C8 /* MathJaxSwift */ = {
			isa = XCSwiftPackageProductDependency;
			package = 3965F3752D76B4EC0065A8C8 /* XCRemoteSwiftPackageReference "MathJaxSwift" */;
			productName = MathJaxSwift;
		};
		3966623E2C666EC600F863BC /* FlyingFox */ = {
			isa = XCSwiftPackageProductDependency;
			package = 3966623D2C666EC600F863BC /* XCRemoteSwiftPackageReference "FlyingFox" */;
			productName = FlyingFox;
		};
		3987A57E2CB558B40054D7D5 /* XCStringsToolPlugin */ = {
			isa = XCSwiftPackageProductDependency;
			package = 390716CF2C6E82CF002D7834 /* XCRemoteSwiftPackageReference "xcstrings-tool-plugin" */;
			productName = "plugin:XCStringsToolPlugin";
		};
		3987A5D42CB640590054D7D5 /* FlyingFox */ = {
			isa = XCSwiftPackageProductDependency;
			package = 3966623D2C666EC600F863BC /* XCRemoteSwiftPackageReference "FlyingFox" */;
			productName = FlyingFox;
		};
		3987A5D62CB640650054D7D5 /* FlyingSocks */ = {
			isa = XCSwiftPackageProductDependency;
			package = 3966623D2C666EC600F863BC /* XCRemoteSwiftPackageReference "FlyingFox" */;
			productName = FlyingSocks;
		};
		398F144A2CF7379C0061CCF9 /* ChocofordEssentials */ = {
			isa = XCSwiftPackageProductDependency;
			package = 398F14492CF7379C0061CCF9 /* XCRemoteSwiftPackageReference "ChocofordKit" */;
			productName = ChocofordEssentials;
		};
		398F144C2CF7379C0061CCF9 /* ChocofordUI */ = {
			isa = XCSwiftPackageProductDependency;
			package = 398F14492CF7379C0061CCF9 /* XCRemoteSwiftPackageReference "ChocofordKit" */;
			productName = ChocofordUI;
		};
		398F14522CF738DB0061CCF9 /* SwiftyAlert */ = {
			isa = XCSwiftPackageProductDependency;
			package = 398F14512CF738DB0061CCF9 /* XCRemoteSwiftPackageReference "SwiftyAlert" */;
			productName = SwiftyAlert;
		};
		398F14542CF738ED0061CCF9 /* SwiftyAlert */ = {
			isa = XCSwiftPackageProductDependency;
			package = 398F14512CF738DB0061CCF9 /* XCRemoteSwiftPackageReference "SwiftyAlert" */;
			productName = SwiftyAlert;
		};
		398F14582CF738F70061CCF9 /* SwiftyAlert */ = {
			isa = XCSwiftPackageProductDependency;
			package = 398F14512CF738DB0061CCF9 /* XCRemoteSwiftPackageReference "SwiftyAlert" */;
			productName = SwiftyAlert;
		};
		398F14602CF739B50061CCF9 /* ChocofordUI */ = {
			isa = XCSwiftPackageProductDependency;
			package = 398F14492CF7379C0061CCF9 /* XCRemoteSwiftPackageReference "ChocofordKit" */;
			productName = ChocofordUI;
		};
		398F14622CF739B90061CCF9 /* ChocofordEssentials */ = {
			isa = XCSwiftPackageProductDependency;
			package = 398F14492CF7379C0061CCF9 /* XCRemoteSwiftPackageReference "ChocofordKit" */;
			productName = ChocofordEssentials;
		};
		39B142E92CE9D2A100D3EEDA /* Zlib */ = {
			isa = XCSwiftPackageProductDependency;
			package = 39BE12EC2CB7DD8C006781D5 /* XCRemoteSwiftPackageReference "Zlib" */;
			productName = Zlib;
		};
		39BE12ED2CB7DD8C006781D5 /* Zlib */ = {
			isa = XCSwiftPackageProductDependency;
			package = 39BE12EC2CB7DD8C006781D5 /* XCRemoteSwiftPackageReference "Zlib" */;
			productName = Zlib;
		};
		39BE12F02CB7DD97006781D5 /* Zlib */ = {
			isa = XCSwiftPackageProductDependency;
			package = 39BE12EC2CB7DD8C006781D5 /* XCRemoteSwiftPackageReference "Zlib" */;
			productName = Zlib;
		};
		39E556F12CC8060E0009F051 /* ChocofordEssentials */ = {
			isa = XCSwiftPackageProductDependency;
			productName = ChocofordEssentials;
		};
		39E556F32CC8060E0009F051 /* ChocofordUI */ = {
			isa = XCSwiftPackageProductDependency;
			productName = ChocofordUI;
		};
		39E9C5A42C8CB2E600BC1C07 /* ChocofordEssentials */ = {
			isa = XCSwiftPackageProductDependency;
			productName = ChocofordEssentials;
		};
		39E9C5A62C8CB2E600BC1C07 /* ChocofordUI */ = {
			isa = XCSwiftPackageProductDependency;
			productName = ChocofordUI;
		};
/* End XCSwiftPackageProductDependency section */

/* Begin XCVersionGroup section */
		3908EB9729674DF60054A3ED /* Model.xcdatamodeld */ = {
			isa = XCVersionGroup;
			children = (
				3908EB9829674DF60054A3ED /* Model.xcdatamodel */,
			);
			currentVersion = 3908EB9829674DF60054A3ED /* Model.xcdatamodel */;
			path = Model.xcdatamodeld;
			sourceTree = "<group>";
			versionGroupType = wrapper.xcdatamodel;
		};
/* End XCVersionGroup section */
	};
	rootObject = 397E464B295838CF003B824B /* Project object */;
}
